// !$*UTF8*$!
{
	archiveVersion = 1;
	classes = {
	};
	objectVersion = 56;
	objects = {

/* Begin PBXBuildFile section */
		CA37A8642AE29099008D0A4A /* AppDelegate.swift in Sources */ = {isa = PBXBuildFile; fileRef = CA37A8632AE29099008D0A4A /* AppDelegate.swift */; };
		CA37A8662AE29099008D0A4A /* SceneDelegate.swift in Sources */ = {isa = PBXBuildFile; fileRef = CA37A8652AE29099008D0A4A /* SceneDelegate.swift */; };
		CA37A86D2AE2909A008D0A4A /* Assets.xcassets in Resources */ = {isa = PBXBuildFile; fileRef = CA37A86C2AE2909A008D0A4A /* Assets.xcassets */; };
		CA37A8702AE2909A008D0A4A /* LaunchScreen.storyboard in Resources */ = {isa = PBXBuildFile; fileRef = CA37A86E2AE2909A008D0A4A /* LaunchScreen.storyboard */; };
		CA37A8D12AE29A2A008D0A4A /* UIFont+AppFonts.swift in Sources */ = {isa = PBXBuildFile; fileRef = CA37A8852AE29A29008D0A4A /* UIFont+AppFonts.swift */; };
		CA37A8D22AE29A2A008D0A4A /* UIViewController+Toast.swift in Sources */ = {isa = PBXBuildFile; fileRef = CA37A8862AE29A29008D0A4A /* UIViewController+Toast.swift */; };
		CA37A8D32AE29A2A008D0A4A /* Collection+SafeSubscript.swift in Sources */ = {isa = PBXBuildFile; fileRef = CA37A8872AE29A29008D0A4A /* Collection+SafeSubscript.swift */; };
		CA37A8D42AE29A2A008D0A4A /* UISceneDelegate+AppCoordinator.swift in Sources */ = {isa = PBXBuildFile; fileRef = CA37A8882AE29A29008D0A4A /* UISceneDelegate+AppCoordinator.swift */; };
		CA37A8D52AE29A2A008D0A4A /* UIColor+AppColors.swift in Sources */ = {isa = PBXBuildFile; fileRef = CA37A8892AE29A29008D0A4A /* UIColor+AppColors.swift */; };
		CA37A8D62AE29A2A008D0A4A /* Color+AppColors.swift in Sources */ = {isa = PBXBuildFile; fileRef = CA37A88B2AE29A29008D0A4A /* Color+AppColors.swift */; };
		CA37A8D72AE29A2A008D0A4A /* Font+AppFonts.swift in Sources */ = {isa = PBXBuildFile; fileRef = CA37A88C2AE29A29008D0A4A /* Font+AppFonts.swift */; };
		CA37A8D82AE29A2A008D0A4A /* View+OnFirstAppear.swift in Sources */ = {isa = PBXBuildFile; fileRef = CA37A88D2AE29A29008D0A4A /* View+OnFirstAppear.swift */; };
		CA37A8DB2AE29A2A008D0A4A /* AppCoordinator.swift in Sources */ = {isa = PBXBuildFile; fileRef = CA37A8932AE29A29008D0A4A /* AppCoordinator.swift */; };
		CA37A8DC2AE29A2A008D0A4A /* AppCoordinating.swift in Sources */ = {isa = PBXBuildFile; fileRef = CA37A8942AE29A29008D0A4A /* AppCoordinating.swift */; };
		CA37A8DD2AE29A2A008D0A4A /* SceneCoordinating.swift in Sources */ = {isa = PBXBuildFile; fileRef = CA37A8962AE29A29008D0A4A /* SceneCoordinating.swift */; };
		CA37A8DE2AE29A2A008D0A4A /* InitialSceneCoordinating.swift in Sources */ = {isa = PBXBuildFile; fileRef = CA37A8982AE29A29008D0A4A /* InitialSceneCoordinating.swift */; };
		CA37A8DF2AE29A2A008D0A4A /* InitialSceneCoordinator.swift in Sources */ = {isa = PBXBuildFile; fileRef = CA37A8992AE29A29008D0A4A /* InitialSceneCoordinator.swift */; };
		CA37A8E62AE29A2A008D0A4A /* ActiveScene.swift in Sources */ = {isa = PBXBuildFile; fileRef = CA37A8A42AE29A2A008D0A4A /* ActiveScene.swift */; };
		CA37A8E72AE29A2A008D0A4A /* LocalizedString.swift in Sources */ = {isa = PBXBuildFile; fileRef = CA37A8A52AE29A2A008D0A4A /* LocalizedString.swift */; };
		CA37A8EC2AE29A2A008D0A4A /* SceneManifest.swift in Sources */ = {isa = PBXBuildFile; fileRef = CA37A8AD2AE29A2A008D0A4A /* SceneManifest.swift */; };
		CA37A8ED2AE29A2A008D0A4A /* SceneConfiguration.swift in Sources */ = {isa = PBXBuildFile; fileRef = CA37A8AE2AE29A2A008D0A4A /* SceneConfiguration.swift */; };
		CA37A8EE2AE29A2A008D0A4A /* SceneConfigurationsContainer.swift in Sources */ = {isa = PBXBuildFile; fileRef = CA37A8AF2AE29A2A008D0A4A /* SceneConfigurationsContainer.swift */; };
		CA37A8EF2AE29A2A008D0A4A /* Configuration.swift in Sources */ = {isa = PBXBuildFile; fileRef = CA37A8B02AE29A2A008D0A4A /* Configuration.swift */; };
		CA37A8F92AE29A2A008D0A4A /* StoreRegistration.swift in Sources */ = {isa = PBXBuildFile; fileRef = CA37A8BE2AE29A2A008D0A4A /* StoreRegistration.swift */; };
		CA37A8FA2AE29A2A008D0A4A /* ManagerRegistration.swift in Sources */ = {isa = PBXBuildFile; fileRef = CA37A8BF2AE29A2A008D0A4A /* ManagerRegistration.swift */; };
		CA37A8FB2AE29A2A008D0A4A /* ServiceRegistration.swift in Sources */ = {isa = PBXBuildFile; fileRef = CA37A8C02AE29A2A008D0A4A /* ServiceRegistration.swift */; };
		CA37A8FD2AE29A2A008D0A4A /* PropertyPublisher.swift in Sources */ = {isa = PBXBuildFile; fileRef = CA37A8C52AE29A2A008D0A4A /* PropertyPublisher.swift */; };
		CA37A8FE2AE29A2A008D0A4A /* EventEmitting.swift in Sources */ = {isa = PBXBuildFile; fileRef = CA37A8C72AE29A2A008D0A4A /* EventEmitting.swift */; };
		CA37A8FF2AE29A2A008D0A4A /* ViewControllerCoordinator.swift in Sources */ = {isa = PBXBuildFile; fileRef = CA37A8C82AE29A2A008D0A4A /* ViewControllerCoordinator.swift */; };
		CA37A9002AE29A2A008D0A4A /* NavigationControllerCoordinator.swift in Sources */ = {isa = PBXBuildFile; fileRef = CA37A8C92AE29A2A008D0A4A /* NavigationControllerCoordinator.swift */; };
		CA37A9012AE29A2A008D0A4A /* AppCoordinatorContaining.swift in Sources */ = {isa = PBXBuildFile; fileRef = CA37A8CA2AE29A2A008D0A4A /* AppCoordinatorContaining.swift */; };
		CA37A9022AE29A2A008D0A4A /* Coordinator.swift in Sources */ = {isa = PBXBuildFile; fileRef = CA37A8CB2AE29A2A008D0A4A /* Coordinator.swift */; };
		CA37A9032AE29A2A008D0A4A /* StoreState.swift in Sources */ = {isa = PBXBuildFile; fileRef = CA37A8CD2AE29A2A008D0A4A /* StoreState.swift */; };
		CA37A9042AE29A2A008D0A4A /* Store.swift in Sources */ = {isa = PBXBuildFile; fileRef = CA37A8CE2AE29A2A008D0A4A /* Store.swift */; };
		CA37A9052AE29A2A008D0A4A /* StoreContaining.swift in Sources */ = {isa = PBXBuildFile; fileRef = CA37A8CF2AE29A2A008D0A4A /* StoreContaining.swift */; };
		CA37A9062AE29A2A008D0A4A /* PublishingStore.swift in Sources */ = {isa = PBXBuildFile; fileRef = CA37A8D02AE29A2A008D0A4A /* PublishingStore.swift */; };
		CA37A9092AE29BB9008D0A4A /* DependencyInjection in Frameworks */ = {isa = PBXBuildFile; productRef = CA37A9082AE29BB9008D0A4A /* DependencyInjection */; };
		CA37A90C2AE29BC9008D0A4A /* Networking in Frameworks */ = {isa = PBXBuildFile; productRef = CA37A90B2AE29BC9008D0A4A /* Networking */; };
		CA37A90F2AE29BD3008D0A4A /* Kingfisher in Frameworks */ = {isa = PBXBuildFile; productRef = CA37A90E2AE29BD3008D0A4A /* Kingfisher */; };
		CA37A9172AE29C57008D0A4A /* DashboardAction.swift in Sources */ = {isa = PBXBuildFile; fileRef = CA37A9162AE29C57008D0A4A /* DashboardAction.swift */; };
		CA37A9192AE29C71008D0A4A /* DashboardState.swift in Sources */ = {isa = PBXBuildFile; fileRef = CA37A9182AE29C71008D0A4A /* DashboardState.swift */; };
		CA37A91B2AE29C97008D0A4A /* DashboardStore.swift in Sources */ = {isa = PBXBuildFile; fileRef = CA37A91A2AE29C97008D0A4A /* DashboardStore.swift */; };
		CA37A91D2AE29CEF008D0A4A /* DashboardViewData.swift in Sources */ = {isa = PBXBuildFile; fileRef = CA37A91C2AE29CEF008D0A4A /* DashboardViewData.swift */; };
		CA37A9202AE29D14008D0A4A /* DashboardViewEvent.swift in Sources */ = {isa = PBXBuildFile; fileRef = CA37A91F2AE29D14008D0A4A /* DashboardViewEvent.swift */; };
		CA37A9222AE29D43008D0A4A /* DashboardView.swift in Sources */ = {isa = PBXBuildFile; fileRef = CA37A9212AE29D43008D0A4A /* DashboardView.swift */; };
		CA37A9242AE2A064008D0A4A /* R.generated.swift in Sources */ = {isa = PBXBuildFile; fileRef = CA37A9232AE2A064008D0A4A /* R.generated.swift */; };
		CA37A9292AE2A12F008D0A4A /* Localizable.strings in Resources */ = {isa = PBXBuildFile; fileRef = CA37A92B2AE2A12F008D0A4A /* Localizable.strings */; };
		CA37A9352AE2A1B8008D0A4A /* MainTabBarCoordinatorEvent.swift in Sources */ = {isa = PBXBuildFile; fileRef = CA37A9302AE2A1B8008D0A4A /* MainTabBarCoordinatorEvent.swift */; };
		CA37A9362AE2A1B8008D0A4A /* MainTabBarCoordinator.swift in Sources */ = {isa = PBXBuildFile; fileRef = CA37A9312AE2A1B8008D0A4A /* MainTabBarCoordinator.swift */; };
		CA37A9372AE2A1B8008D0A4A /* MainTabBarViewEvent.swift in Sources */ = {isa = PBXBuildFile; fileRef = CA37A9332AE2A1B8008D0A4A /* MainTabBarViewEvent.swift */; };
		CA37A9382AE2A1B8008D0A4A /* MainTabBarViewController.swift in Sources */ = {isa = PBXBuildFile; fileRef = CA37A9342AE2A1B8008D0A4A /* MainTabBarViewController.swift */; };
		CA37A93A2AE2A217008D0A4A /* TabBarControllerCoordinator.swift in Sources */ = {isa = PBXBuildFile; fileRef = CA37A9392AE2A217008D0A4A /* TabBarControllerCoordinator.swift */; };
		CA37A93D2AE2A26E008D0A4A /* DashboardCoordinator.swift in Sources */ = {isa = PBXBuildFile; fileRef = CA37A93C2AE2A26E008D0A4A /* DashboardCoordinator.swift */; };
		CA37A93F2AE2A2C3008D0A4A /* DashboardCoordinatorEvent.swift in Sources */ = {isa = PBXBuildFile; fileRef = CA37A93E2AE2A2C3008D0A4A /* DashboardCoordinatorEvent.swift */; };
		CA37A9462AE2A333008D0A4A /* Development.xcconfig in Resources */ = {isa = PBXBuildFile; fileRef = CA37A9432AE2A333008D0A4A /* Development.xcconfig */; };
		CA37A9552AE2A5C9008D0A4A /* GoogleSignIn in Frameworks */ = {isa = PBXBuildFile; productRef = CA37A9542AE2A5C9008D0A4A /* GoogleSignIn */; };
		CA37A9572AE2A5C9008D0A4A /* GoogleSignInSwift in Frameworks */ = {isa = PBXBuildFile; productRef = CA37A9562AE2A5C9008D0A4A /* GoogleSignInSwift */; };
		CA37A95A2AE2A60D008D0A4A /* CombineExt in Frameworks */ = {isa = PBXBuildFile; productRef = CA37A9592AE2A60D008D0A4A /* CombineExt */; };
		CA7E50812AE2AA5A00D4BD71 /* main.swift in Sources */ = {isa = PBXBuildFile; fileRef = CA7E50802AE2AA5A00D4BD71 /* main.swift */; };
		CA7E50872AE2B10700D4BD71 /* SignInCoordinator.swift in Sources */ = {isa = PBXBuildFile; fileRef = CA7E50862AE2B10700D4BD71 /* SignInCoordinator.swift */; };
		CA7E50892AE2B13D00D4BD71 /* SignInCoordinatorEvent.swift in Sources */ = {isa = PBXBuildFile; fileRef = CA7E50882AE2B13D00D4BD71 /* SignInCoordinatorEvent.swift */; };
		CA7E508C2AE2B15E00D4BD71 /* SignInStore.swift in Sources */ = {isa = PBXBuildFile; fileRef = CA7E508B2AE2B15E00D4BD71 /* SignInStore.swift */; };
		CA7E508E2AE2B16400D4BD71 /* SignInState.swift in Sources */ = {isa = PBXBuildFile; fileRef = CA7E508D2AE2B16400D4BD71 /* SignInState.swift */; };
		CA7E50902AE2B16B00D4BD71 /* SignInAction.swift in Sources */ = {isa = PBXBuildFile; fileRef = CA7E508F2AE2B16B00D4BD71 /* SignInAction.swift */; };
		CA7E50922AE2B17B00D4BD71 /* SignInViewData.swift in Sources */ = {isa = PBXBuildFile; fileRef = CA7E50912AE2B17B00D4BD71 /* SignInViewData.swift */; };
		CA7E50942AE2B18300D4BD71 /* SignInViewEvent.swift in Sources */ = {isa = PBXBuildFile; fileRef = CA7E50932AE2B18300D4BD71 /* SignInViewEvent.swift */; };
		CA7E509A2AE2B4C900D4BD71 /* SignInViewController.swift in Sources */ = {isa = PBXBuildFile; fileRef = CA7E50992AE2B4C900D4BD71 /* SignInViewController.swift */; };
		CA7E509C2AE2B4D600D4BD71 /* SignInViewController.storyboard in Resources */ = {isa = PBXBuildFile; fileRef = CA7E509B2AE2B4D600D4BD71 /* SignInViewController.storyboard */; };
		CA7E509E2AE2B59F00D4BD71 /* ReactiveViewController.swift in Sources */ = {isa = PBXBuildFile; fileRef = CA7E509D2AE2B59F00D4BD71 /* ReactiveViewController.swift */; };
		CA7E50A02AE2B5D100D4BD71 /* ReactiveViewControllerProtocol.swift in Sources */ = {isa = PBXBuildFile; fileRef = CA7E509F2AE2B5D100D4BD71 /* ReactiveViewControllerProtocol.swift */; };
		CA7E50A22AE2B61B00D4BD71 /* StoryboardReference+StoreContaining.swift in Sources */ = {isa = PBXBuildFile; fileRef = CA7E50A12AE2B61B00D4BD71 /* StoryboardReference+StoreContaining.swift */; };
		CA7E50A52AE2B82900D4BD71 /* FirebaseAnalytics in Frameworks */ = {isa = PBXBuildFile; productRef = CA7E50A42AE2B82900D4BD71 /* FirebaseAnalytics */; };
		CA7E50A72AE2B82900D4BD71 /* FirebaseAnalyticsOnDeviceConversion in Frameworks */ = {isa = PBXBuildFile; productRef = CA7E50A62AE2B82900D4BD71 /* FirebaseAnalyticsOnDeviceConversion */; };
		CA7E50A92AE2B82900D4BD71 /* FirebaseAnalyticsSwift in Frameworks */ = {isa = PBXBuildFile; productRef = CA7E50A82AE2B82900D4BD71 /* FirebaseAnalyticsSwift */; };
		CA7E50AB2AE2B82900D4BD71 /* FirebaseAnalyticsWithoutAdIdSupport in Frameworks */ = {isa = PBXBuildFile; productRef = CA7E50AA2AE2B82900D4BD71 /* FirebaseAnalyticsWithoutAdIdSupport */; };
		CA7E50AD2AE2B82900D4BD71 /* FirebaseAppCheck in Frameworks */ = {isa = PBXBuildFile; productRef = CA7E50AC2AE2B82900D4BD71 /* FirebaseAppCheck */; };
		CA7E50AF2AE2B82900D4BD71 /* FirebaseAppDistribution-Beta in Frameworks */ = {isa = PBXBuildFile; productRef = CA7E50AE2AE2B82900D4BD71 /* FirebaseAppDistribution-Beta */; };
		CA7E50B12AE2B82900D4BD71 /* FirebaseAuth in Frameworks */ = {isa = PBXBuildFile; productRef = CA7E50B02AE2B82900D4BD71 /* FirebaseAuth */; };
		CA7E50B32AE2B82900D4BD71 /* FirebaseAuthCombine-Community in Frameworks */ = {isa = PBXBuildFile; productRef = CA7E50B22AE2B82900D4BD71 /* FirebaseAuthCombine-Community */; };
		CA7E50B52AE2B82900D4BD71 /* FirebaseCrashlytics in Frameworks */ = {isa = PBXBuildFile; productRef = CA7E50B42AE2B82900D4BD71 /* FirebaseCrashlytics */; };
		CA7E50B72AE2B82900D4BD71 /* FirebaseDatabase in Frameworks */ = {isa = PBXBuildFile; productRef = CA7E50B62AE2B82900D4BD71 /* FirebaseDatabase */; };
		CA7E50B92AE2B82900D4BD71 /* FirebaseDatabaseSwift in Frameworks */ = {isa = PBXBuildFile; productRef = CA7E50B82AE2B82900D4BD71 /* FirebaseDatabaseSwift */; };
		CA7E50BB2AE2B82900D4BD71 /* FirebaseDynamicLinks in Frameworks */ = {isa = PBXBuildFile; productRef = CA7E50BA2AE2B82900D4BD71 /* FirebaseDynamicLinks */; };
		CA7E50BD2AE2B82900D4BD71 /* FirebaseFirestore in Frameworks */ = {isa = PBXBuildFile; productRef = CA7E50BC2AE2B82900D4BD71 /* FirebaseFirestore */; };
		CA7E50BF2AE2B82900D4BD71 /* FirebaseFirestoreCombine-Community in Frameworks */ = {isa = PBXBuildFile; productRef = CA7E50BE2AE2B82900D4BD71 /* FirebaseFirestoreCombine-Community */; };
		CA7E50C12AE2B82900D4BD71 /* FirebaseFirestoreSwift in Frameworks */ = {isa = PBXBuildFile; productRef = CA7E50C02AE2B82900D4BD71 /* FirebaseFirestoreSwift */; };
		CA7E50C32AE2B82900D4BD71 /* FirebaseFunctions in Frameworks */ = {isa = PBXBuildFile; productRef = CA7E50C22AE2B82900D4BD71 /* FirebaseFunctions */; };
		CA7E50C52AE2B82900D4BD71 /* FirebaseFunctionsCombine-Community in Frameworks */ = {isa = PBXBuildFile; productRef = CA7E50C42AE2B82900D4BD71 /* FirebaseFunctionsCombine-Community */; };
		CA7E50C72AE2B82900D4BD71 /* FirebaseInAppMessaging-Beta in Frameworks */ = {isa = PBXBuildFile; productRef = CA7E50C62AE2B82900D4BD71 /* FirebaseInAppMessaging-Beta */; };
		CA7E50C92AE2B82900D4BD71 /* FirebaseInAppMessagingSwift-Beta in Frameworks */ = {isa = PBXBuildFile; productRef = CA7E50C82AE2B82900D4BD71 /* FirebaseInAppMessagingSwift-Beta */; };
		CA7E50CB2AE2B82900D4BD71 /* FirebaseInstallations in Frameworks */ = {isa = PBXBuildFile; productRef = CA7E50CA2AE2B82900D4BD71 /* FirebaseInstallations */; };
		CA7E50CD2AE2B82900D4BD71 /* FirebaseMLModelDownloader in Frameworks */ = {isa = PBXBuildFile; productRef = CA7E50CC2AE2B82900D4BD71 /* FirebaseMLModelDownloader */; };
		CA7E50CF2AE2B82900D4BD71 /* FirebaseMessaging in Frameworks */ = {isa = PBXBuildFile; productRef = CA7E50CE2AE2B82900D4BD71 /* FirebaseMessaging */; };
		CA7E50D12AE2B82900D4BD71 /* FirebasePerformance in Frameworks */ = {isa = PBXBuildFile; productRef = CA7E50D02AE2B82900D4BD71 /* FirebasePerformance */; };
		CA7E50D32AE2B82900D4BD71 /* FirebaseRemoteConfig in Frameworks */ = {isa = PBXBuildFile; productRef = CA7E50D22AE2B82900D4BD71 /* FirebaseRemoteConfig */; };
		CA7E50D52AE2B82900D4BD71 /* FirebaseRemoteConfigSwift in Frameworks */ = {isa = PBXBuildFile; productRef = CA7E50D42AE2B82900D4BD71 /* FirebaseRemoteConfigSwift */; };
		CA7E50D72AE2B82900D4BD71 /* FirebaseStorage in Frameworks */ = {isa = PBXBuildFile; productRef = CA7E50D62AE2B82900D4BD71 /* FirebaseStorage */; };
		CA7E50D92AE2B82900D4BD71 /* FirebaseStorageCombine-Community in Frameworks */ = {isa = PBXBuildFile; productRef = CA7E50D82AE2B82900D4BD71 /* FirebaseStorageCombine-Community */; };
		CA7E50DD2AE2BE3B00D4BD71 /* StoriesCoordinator.swift in Sources */ = {isa = PBXBuildFile; fileRef = CA7E50DC2AE2BE3B00D4BD71 /* StoriesCoordinator.swift */; };
		CA7E50DF2AE2BE4400D4BD71 /* ProfileCoordinator.swift in Sources */ = {isa = PBXBuildFile; fileRef = CA7E50DE2AE2BE4400D4BD71 /* ProfileCoordinator.swift */; };
		CA7E50E12AE2BED200D4BD71 /* StoriesCoordinatorEvent.swift in Sources */ = {isa = PBXBuildFile; fileRef = CA7E50E02AE2BED200D4BD71 /* StoriesCoordinatorEvent.swift */; };
		CA7E50E32AE2BEE200D4BD71 /* ProfileCoordinatorEvent.swift in Sources */ = {isa = PBXBuildFile; fileRef = CA7E50E22AE2BEE200D4BD71 /* ProfileCoordinatorEvent.swift */; };
		CA7E50E92AE2BF6500D4BD71 /* ProfileView.swift in Sources */ = {isa = PBXBuildFile; fileRef = CA7E50E82AE2BF6500D4BD71 /* ProfileView.swift */; };
		CA7E50EB2AE2BF6A00D4BD71 /* StoriesView.swift in Sources */ = {isa = PBXBuildFile; fileRef = CA7E50EA2AE2BF6A00D4BD71 /* StoriesView.swift */; };
		CA7E50EF2AE2BFD900D4BD71 /* StoriesAction.swift in Sources */ = {isa = PBXBuildFile; fileRef = CA7E50EE2AE2BFD900D4BD71 /* StoriesAction.swift */; };
		CA7E50F12AE2BFDF00D4BD71 /* StoriesState.swift in Sources */ = {isa = PBXBuildFile; fileRef = CA7E50F02AE2BFDF00D4BD71 /* StoriesState.swift */; };
		CA7E50F32AE2BFE600D4BD71 /* StoriesStore.swift in Sources */ = {isa = PBXBuildFile; fileRef = CA7E50F22AE2BFE600D4BD71 /* StoriesStore.swift */; };
		CA7E50F52AE2BFFD00D4BD71 /* ProfileAction.swift in Sources */ = {isa = PBXBuildFile; fileRef = CA7E50F42AE2BFFD00D4BD71 /* ProfileAction.swift */; };
		CA7E50F72AE2C00400D4BD71 /* ProfileState.swift in Sources */ = {isa = PBXBuildFile; fileRef = CA7E50F62AE2C00400D4BD71 /* ProfileState.swift */; };
		CA7E50F92AE2C00A00D4BD71 /* ProfileStore.swift in Sources */ = {isa = PBXBuildFile; fileRef = CA7E50F82AE2C00A00D4BD71 /* ProfileStore.swift */; };
		CA7E50FB2AE2C04700D4BD71 /* StoriesViewData.swift in Sources */ = {isa = PBXBuildFile; fileRef = CA7E50FA2AE2C04700D4BD71 /* StoriesViewData.swift */; };
		CA7E50FD2AE2C05900D4BD71 /* ProfileViewData.swift in Sources */ = {isa = PBXBuildFile; fileRef = CA7E50FC2AE2C05900D4BD71 /* ProfileViewData.swift */; };
		CA7E50FF2AE2C06900D4BD71 /* StoriesViewEvent.swift in Sources */ = {isa = PBXBuildFile; fileRef = CA7E50FE2AE2C06900D4BD71 /* StoriesViewEvent.swift */; };
		CA7E51012AE2C07600D4BD71 /* ProfileViewEvent.swift in Sources */ = {isa = PBXBuildFile; fileRef = CA7E51002AE2C07600D4BD71 /* ProfileViewEvent.swift */; };
		CA7E51032AE2DAD800D4BD71 /* GoogleService-Info.plist in Resources */ = {isa = PBXBuildFile; fileRef = CA7E51022AE2DAD800D4BD71 /* GoogleService-Info.plist */; };
		CA7E51092AE3C49E00D4BD71 /* Nunito-Regular.ttf in Resources */ = {isa = PBXBuildFile; fileRef = CA7E51082AE3C49D00D4BD71 /* Nunito-Regular.ttf */; };
		CA7E510A2AE3C4A600D4BD71 /* Nunito-SemiBold.ttf in Resources */ = {isa = PBXBuildFile; fileRef = CA7E51072AE3C49D00D4BD71 /* Nunito-SemiBold.ttf */; };
		CA7E510B2AE3C4A900D4BD71 /* Nunito-Bold.ttf in Resources */ = {isa = PBXBuildFile; fileRef = CA7E51062AE3C49200D4BD71 /* Nunito-Bold.ttf */; };
		CA9EB11E2AE3D66300E300D7 /* SwiftUICharts in Frameworks */ = {isa = PBXBuildFile; productRef = CA9EB11D2AE3D66300E300D7 /* SwiftUICharts */; };
		E12D44B45D13500945E194CF /* Pods_defaults_Metis.framework in Frameworks */ = {isa = PBXBuildFile; fileRef = 43A8B312CE9A34E1D68F53AB /* Pods_defaults_Metis.framework */; };
/* End PBXBuildFile section */

/* Begin PBXFileReference section */
		43A8B312CE9A34E1D68F53AB /* Pods_defaults_Metis.framework */ = {isa = PBXFileReference; explicitFileType = wrapper.framework; includeInIndex = 0; path = Pods_defaults_Metis.framework; sourceTree = BUILT_PRODUCTS_DIR; };
		4CF301BBE3F8D887F512323C /* Pods-defaults-Metis.release.xcconfig */ = {isa = PBXFileReference; includeInIndex = 1; lastKnownFileType = text.xcconfig; name = "Pods-defaults-Metis.release.xcconfig"; path = "Target Support Files/Pods-defaults-Metis/Pods-defaults-Metis.release.xcconfig"; sourceTree = "<group>"; };
		C3788AA75042DB866C7E1FA3 /* Pods-defaults-Metis.debug.xcconfig */ = {isa = PBXFileReference; includeInIndex = 1; lastKnownFileType = text.xcconfig; name = "Pods-defaults-Metis.debug.xcconfig"; path = "Target Support Files/Pods-defaults-Metis/Pods-defaults-Metis.debug.xcconfig"; sourceTree = "<group>"; };
		CA37A8602AE29099008D0A4A /* Metis.app */ = {isa = PBXFileReference; explicitFileType = wrapper.application; includeInIndex = 0; path = Metis.app; sourceTree = BUILT_PRODUCTS_DIR; };
		CA37A8632AE29099008D0A4A /* AppDelegate.swift */ = {isa = PBXFileReference; lastKnownFileType = sourcecode.swift; path = AppDelegate.swift; sourceTree = "<group>"; };
		CA37A8652AE29099008D0A4A /* SceneDelegate.swift */ = {isa = PBXFileReference; lastKnownFileType = sourcecode.swift; path = SceneDelegate.swift; sourceTree = "<group>"; };
		CA37A86C2AE2909A008D0A4A /* Assets.xcassets */ = {isa = PBXFileReference; lastKnownFileType = folder.assetcatalog; path = Assets.xcassets; sourceTree = "<group>"; };
		CA37A86F2AE2909A008D0A4A /* Base */ = {isa = PBXFileReference; lastKnownFileType = file.storyboard; name = Base; path = Base.lproj/LaunchScreen.storyboard; sourceTree = "<group>"; };
		CA37A8712AE2909A008D0A4A /* Info.plist */ = {isa = PBXFileReference; lastKnownFileType = text.plist.xml; path = Info.plist; sourceTree = "<group>"; };
		CA37A8852AE29A29008D0A4A /* UIFont+AppFonts.swift */ = {isa = PBXFileReference; fileEncoding = 4; lastKnownFileType = sourcecode.swift; path = "UIFont+AppFonts.swift"; sourceTree = "<group>"; };
		CA37A8862AE29A29008D0A4A /* UIViewController+Toast.swift */ = {isa = PBXFileReference; fileEncoding = 4; lastKnownFileType = sourcecode.swift; path = "UIViewController+Toast.swift"; sourceTree = "<group>"; };
		CA37A8872AE29A29008D0A4A /* Collection+SafeSubscript.swift */ = {isa = PBXFileReference; fileEncoding = 4; lastKnownFileType = sourcecode.swift; path = "Collection+SafeSubscript.swift"; sourceTree = "<group>"; };
		CA37A8882AE29A29008D0A4A /* UISceneDelegate+AppCoordinator.swift */ = {isa = PBXFileReference; fileEncoding = 4; lastKnownFileType = sourcecode.swift; path = "UISceneDelegate+AppCoordinator.swift"; sourceTree = "<group>"; };
		CA37A8892AE29A29008D0A4A /* UIColor+AppColors.swift */ = {isa = PBXFileReference; fileEncoding = 4; lastKnownFileType = sourcecode.swift; path = "UIColor+AppColors.swift"; sourceTree = "<group>"; };
		CA37A88B2AE29A29008D0A4A /* Color+AppColors.swift */ = {isa = PBXFileReference; fileEncoding = 4; lastKnownFileType = sourcecode.swift; path = "Color+AppColors.swift"; sourceTree = "<group>"; };
		CA37A88C2AE29A29008D0A4A /* Font+AppFonts.swift */ = {isa = PBXFileReference; fileEncoding = 4; lastKnownFileType = sourcecode.swift; path = "Font+AppFonts.swift"; sourceTree = "<group>"; };
		CA37A88D2AE29A29008D0A4A /* View+OnFirstAppear.swift */ = {isa = PBXFileReference; fileEncoding = 4; lastKnownFileType = sourcecode.swift; path = "View+OnFirstAppear.swift"; sourceTree = "<group>"; };
		CA37A8932AE29A29008D0A4A /* AppCoordinator.swift */ = {isa = PBXFileReference; fileEncoding = 4; lastKnownFileType = sourcecode.swift; path = AppCoordinator.swift; sourceTree = "<group>"; };
		CA37A8942AE29A29008D0A4A /* AppCoordinating.swift */ = {isa = PBXFileReference; fileEncoding = 4; lastKnownFileType = sourcecode.swift; path = AppCoordinating.swift; sourceTree = "<group>"; };
		CA37A8962AE29A29008D0A4A /* SceneCoordinating.swift */ = {isa = PBXFileReference; fileEncoding = 4; lastKnownFileType = sourcecode.swift; path = SceneCoordinating.swift; sourceTree = "<group>"; };
		CA37A8982AE29A29008D0A4A /* InitialSceneCoordinating.swift */ = {isa = PBXFileReference; fileEncoding = 4; lastKnownFileType = sourcecode.swift; path = InitialSceneCoordinating.swift; sourceTree = "<group>"; };
		CA37A8992AE29A29008D0A4A /* InitialSceneCoordinator.swift */ = {isa = PBXFileReference; fileEncoding = 4; lastKnownFileType = sourcecode.swift; path = InitialSceneCoordinator.swift; sourceTree = "<group>"; };
		CA37A8A42AE29A2A008D0A4A /* ActiveScene.swift */ = {isa = PBXFileReference; fileEncoding = 4; lastKnownFileType = sourcecode.swift; path = ActiveScene.swift; sourceTree = "<group>"; };
		CA37A8A52AE29A2A008D0A4A /* LocalizedString.swift */ = {isa = PBXFileReference; fileEncoding = 4; lastKnownFileType = sourcecode.swift; path = LocalizedString.swift; sourceTree = "<group>"; };
		CA37A8AD2AE29A2A008D0A4A /* SceneManifest.swift */ = {isa = PBXFileReference; fileEncoding = 4; lastKnownFileType = sourcecode.swift; path = SceneManifest.swift; sourceTree = "<group>"; };
		CA37A8AE2AE29A2A008D0A4A /* SceneConfiguration.swift */ = {isa = PBXFileReference; fileEncoding = 4; lastKnownFileType = sourcecode.swift; path = SceneConfiguration.swift; sourceTree = "<group>"; };
		CA37A8AF2AE29A2A008D0A4A /* SceneConfigurationsContainer.swift */ = {isa = PBXFileReference; fileEncoding = 4; lastKnownFileType = sourcecode.swift; path = SceneConfigurationsContainer.swift; sourceTree = "<group>"; };
		CA37A8B02AE29A2A008D0A4A /* Configuration.swift */ = {isa = PBXFileReference; fileEncoding = 4; lastKnownFileType = sourcecode.swift; path = Configuration.swift; sourceTree = "<group>"; };
		CA37A8BE2AE29A2A008D0A4A /* StoreRegistration.swift */ = {isa = PBXFileReference; fileEncoding = 4; lastKnownFileType = sourcecode.swift; path = StoreRegistration.swift; sourceTree = "<group>"; };
		CA37A8BF2AE29A2A008D0A4A /* ManagerRegistration.swift */ = {isa = PBXFileReference; fileEncoding = 4; lastKnownFileType = sourcecode.swift; path = ManagerRegistration.swift; sourceTree = "<group>"; };
		CA37A8C02AE29A2A008D0A4A /* ServiceRegistration.swift */ = {isa = PBXFileReference; fileEncoding = 4; lastKnownFileType = sourcecode.swift; path = ServiceRegistration.swift; sourceTree = "<group>"; };
		CA37A8C52AE29A2A008D0A4A /* PropertyPublisher.swift */ = {isa = PBXFileReference; fileEncoding = 4; lastKnownFileType = sourcecode.swift; path = PropertyPublisher.swift; sourceTree = "<group>"; };
		CA37A8C72AE29A2A008D0A4A /* EventEmitting.swift */ = {isa = PBXFileReference; fileEncoding = 4; lastKnownFileType = sourcecode.swift; path = EventEmitting.swift; sourceTree = "<group>"; };
		CA37A8C82AE29A2A008D0A4A /* ViewControllerCoordinator.swift */ = {isa = PBXFileReference; fileEncoding = 4; lastKnownFileType = sourcecode.swift; path = ViewControllerCoordinator.swift; sourceTree = "<group>"; };
		CA37A8C92AE29A2A008D0A4A /* NavigationControllerCoordinator.swift */ = {isa = PBXFileReference; fileEncoding = 4; lastKnownFileType = sourcecode.swift; path = NavigationControllerCoordinator.swift; sourceTree = "<group>"; };
		CA37A8CA2AE29A2A008D0A4A /* AppCoordinatorContaining.swift */ = {isa = PBXFileReference; fileEncoding = 4; lastKnownFileType = sourcecode.swift; path = AppCoordinatorContaining.swift; sourceTree = "<group>"; };
		CA37A8CB2AE29A2A008D0A4A /* Coordinator.swift */ = {isa = PBXFileReference; fileEncoding = 4; lastKnownFileType = sourcecode.swift; path = Coordinator.swift; sourceTree = "<group>"; };
		CA37A8CD2AE29A2A008D0A4A /* StoreState.swift */ = {isa = PBXFileReference; fileEncoding = 4; lastKnownFileType = sourcecode.swift; path = StoreState.swift; sourceTree = "<group>"; };
		CA37A8CE2AE29A2A008D0A4A /* Store.swift */ = {isa = PBXFileReference; fileEncoding = 4; lastKnownFileType = sourcecode.swift; path = Store.swift; sourceTree = "<group>"; };
		CA37A8CF2AE29A2A008D0A4A /* StoreContaining.swift */ = {isa = PBXFileReference; fileEncoding = 4; lastKnownFileType = sourcecode.swift; path = StoreContaining.swift; sourceTree = "<group>"; };
		CA37A8D02AE29A2A008D0A4A /* PublishingStore.swift */ = {isa = PBXFileReference; fileEncoding = 4; lastKnownFileType = sourcecode.swift; path = PublishingStore.swift; sourceTree = "<group>"; };
		CA37A9162AE29C57008D0A4A /* DashboardAction.swift */ = {isa = PBXFileReference; lastKnownFileType = sourcecode.swift; path = DashboardAction.swift; sourceTree = "<group>"; };
		CA37A9182AE29C71008D0A4A /* DashboardState.swift */ = {isa = PBXFileReference; lastKnownFileType = sourcecode.swift; path = DashboardState.swift; sourceTree = "<group>"; };
		CA37A91A2AE29C97008D0A4A /* DashboardStore.swift */ = {isa = PBXFileReference; lastKnownFileType = sourcecode.swift; path = DashboardStore.swift; sourceTree = "<group>"; };
		CA37A91C2AE29CEF008D0A4A /* DashboardViewData.swift */ = {isa = PBXFileReference; lastKnownFileType = sourcecode.swift; path = DashboardViewData.swift; sourceTree = "<group>"; };
		CA37A91F2AE29D14008D0A4A /* DashboardViewEvent.swift */ = {isa = PBXFileReference; lastKnownFileType = sourcecode.swift; path = DashboardViewEvent.swift; sourceTree = "<group>"; };
		CA37A9212AE29D43008D0A4A /* DashboardView.swift */ = {isa = PBXFileReference; lastKnownFileType = sourcecode.swift; path = DashboardView.swift; sourceTree = "<group>"; };
		CA37A9232AE2A064008D0A4A /* R.generated.swift */ = {isa = PBXFileReference; fileEncoding = 4; lastKnownFileType = sourcecode.swift; path = R.generated.swift; sourceTree = SOURCE_ROOT; };
		CA37A92A2AE2A12F008D0A4A /* en */ = {isa = PBXFileReference; lastKnownFileType = text.plist.strings; name = en; path = en.lproj/Localizable.strings; sourceTree = "<group>"; };
		CA37A9302AE2A1B8008D0A4A /* MainTabBarCoordinatorEvent.swift */ = {isa = PBXFileReference; fileEncoding = 4; lastKnownFileType = sourcecode.swift; path = MainTabBarCoordinatorEvent.swift; sourceTree = "<group>"; };
		CA37A9312AE2A1B8008D0A4A /* MainTabBarCoordinator.swift */ = {isa = PBXFileReference; fileEncoding = 4; lastKnownFileType = sourcecode.swift; path = MainTabBarCoordinator.swift; sourceTree = "<group>"; };
		CA37A9332AE2A1B8008D0A4A /* MainTabBarViewEvent.swift */ = {isa = PBXFileReference; fileEncoding = 4; lastKnownFileType = sourcecode.swift; path = MainTabBarViewEvent.swift; sourceTree = "<group>"; };
		CA37A9342AE2A1B8008D0A4A /* MainTabBarViewController.swift */ = {isa = PBXFileReference; fileEncoding = 4; lastKnownFileType = sourcecode.swift; path = MainTabBarViewController.swift; sourceTree = "<group>"; };
		CA37A9392AE2A217008D0A4A /* TabBarControllerCoordinator.swift */ = {isa = PBXFileReference; lastKnownFileType = sourcecode.swift; path = TabBarControllerCoordinator.swift; sourceTree = "<group>"; };
		CA37A93C2AE2A26E008D0A4A /* DashboardCoordinator.swift */ = {isa = PBXFileReference; lastKnownFileType = sourcecode.swift; path = DashboardCoordinator.swift; sourceTree = "<group>"; };
		CA37A93E2AE2A2C3008D0A4A /* DashboardCoordinatorEvent.swift */ = {isa = PBXFileReference; lastKnownFileType = sourcecode.swift; path = DashboardCoordinatorEvent.swift; sourceTree = "<group>"; };
		CA37A9432AE2A333008D0A4A /* Development.xcconfig */ = {isa = PBXFileReference; fileEncoding = 4; lastKnownFileType = text.xcconfig; path = Development.xcconfig; sourceTree = "<group>"; };
		CA7E50802AE2AA5A00D4BD71 /* main.swift */ = {isa = PBXFileReference; lastKnownFileType = sourcecode.swift; path = main.swift; sourceTree = "<group>"; };
		CA7E50862AE2B10700D4BD71 /* SignInCoordinator.swift */ = {isa = PBXFileReference; lastKnownFileType = sourcecode.swift; path = SignInCoordinator.swift; sourceTree = "<group>"; };
		CA7E50882AE2B13D00D4BD71 /* SignInCoordinatorEvent.swift */ = {isa = PBXFileReference; lastKnownFileType = sourcecode.swift; path = SignInCoordinatorEvent.swift; sourceTree = "<group>"; };
		CA7E508B2AE2B15E00D4BD71 /* SignInStore.swift */ = {isa = PBXFileReference; lastKnownFileType = sourcecode.swift; path = SignInStore.swift; sourceTree = "<group>"; };
		CA7E508D2AE2B16400D4BD71 /* SignInState.swift */ = {isa = PBXFileReference; lastKnownFileType = sourcecode.swift; path = SignInState.swift; sourceTree = "<group>"; };
		CA7E508F2AE2B16B00D4BD71 /* SignInAction.swift */ = {isa = PBXFileReference; lastKnownFileType = sourcecode.swift; path = SignInAction.swift; sourceTree = "<group>"; };
		CA7E50912AE2B17B00D4BD71 /* SignInViewData.swift */ = {isa = PBXFileReference; lastKnownFileType = sourcecode.swift; path = SignInViewData.swift; sourceTree = "<group>"; };
		CA7E50932AE2B18300D4BD71 /* SignInViewEvent.swift */ = {isa = PBXFileReference; lastKnownFileType = sourcecode.swift; path = SignInViewEvent.swift; sourceTree = "<group>"; };
		CA7E50992AE2B4C900D4BD71 /* SignInViewController.swift */ = {isa = PBXFileReference; lastKnownFileType = sourcecode.swift; path = SignInViewController.swift; sourceTree = "<group>"; };
		CA7E509B2AE2B4D600D4BD71 /* SignInViewController.storyboard */ = {isa = PBXFileReference; lastKnownFileType = file.storyboard; path = SignInViewController.storyboard; sourceTree = "<group>"; };
		CA7E509D2AE2B59F00D4BD71 /* ReactiveViewController.swift */ = {isa = PBXFileReference; lastKnownFileType = sourcecode.swift; path = ReactiveViewController.swift; sourceTree = "<group>"; };
		CA7E509F2AE2B5D100D4BD71 /* ReactiveViewControllerProtocol.swift */ = {isa = PBXFileReference; lastKnownFileType = sourcecode.swift; path = ReactiveViewControllerProtocol.swift; sourceTree = "<group>"; };
		CA7E50A12AE2B61B00D4BD71 /* StoryboardReference+StoreContaining.swift */ = {isa = PBXFileReference; lastKnownFileType = sourcecode.swift; path = "StoryboardReference+StoreContaining.swift"; sourceTree = "<group>"; };
		CA7E50DC2AE2BE3B00D4BD71 /* StoriesCoordinator.swift */ = {isa = PBXFileReference; lastKnownFileType = sourcecode.swift; path = StoriesCoordinator.swift; sourceTree = "<group>"; };
		CA7E50DE2AE2BE4400D4BD71 /* ProfileCoordinator.swift */ = {isa = PBXFileReference; lastKnownFileType = sourcecode.swift; path = ProfileCoordinator.swift; sourceTree = "<group>"; };
		CA7E50E02AE2BED200D4BD71 /* StoriesCoordinatorEvent.swift */ = {isa = PBXFileReference; lastKnownFileType = sourcecode.swift; path = StoriesCoordinatorEvent.swift; sourceTree = "<group>"; };
		CA7E50E22AE2BEE200D4BD71 /* ProfileCoordinatorEvent.swift */ = {isa = PBXFileReference; lastKnownFileType = sourcecode.swift; path = ProfileCoordinatorEvent.swift; sourceTree = "<group>"; };
		CA7E50E82AE2BF6500D4BD71 /* ProfileView.swift */ = {isa = PBXFileReference; lastKnownFileType = sourcecode.swift; path = ProfileView.swift; sourceTree = "<group>"; };
		CA7E50EA2AE2BF6A00D4BD71 /* StoriesView.swift */ = {isa = PBXFileReference; lastKnownFileType = sourcecode.swift; path = StoriesView.swift; sourceTree = "<group>"; };
		CA7E50EE2AE2BFD900D4BD71 /* StoriesAction.swift */ = {isa = PBXFileReference; lastKnownFileType = sourcecode.swift; path = StoriesAction.swift; sourceTree = "<group>"; };
		CA7E50F02AE2BFDF00D4BD71 /* StoriesState.swift */ = {isa = PBXFileReference; lastKnownFileType = sourcecode.swift; path = StoriesState.swift; sourceTree = "<group>"; };
		CA7E50F22AE2BFE600D4BD71 /* StoriesStore.swift */ = {isa = PBXFileReference; lastKnownFileType = sourcecode.swift; path = StoriesStore.swift; sourceTree = "<group>"; };
		CA7E50F42AE2BFFD00D4BD71 /* ProfileAction.swift */ = {isa = PBXFileReference; lastKnownFileType = sourcecode.swift; path = ProfileAction.swift; sourceTree = "<group>"; };
		CA7E50F62AE2C00400D4BD71 /* ProfileState.swift */ = {isa = PBXFileReference; lastKnownFileType = sourcecode.swift; path = ProfileState.swift; sourceTree = "<group>"; };
		CA7E50F82AE2C00A00D4BD71 /* ProfileStore.swift */ = {isa = PBXFileReference; lastKnownFileType = sourcecode.swift; path = ProfileStore.swift; sourceTree = "<group>"; };
		CA7E50FA2AE2C04700D4BD71 /* StoriesViewData.swift */ = {isa = PBXFileReference; lastKnownFileType = sourcecode.swift; path = StoriesViewData.swift; sourceTree = "<group>"; };
		CA7E50FC2AE2C05900D4BD71 /* ProfileViewData.swift */ = {isa = PBXFileReference; lastKnownFileType = sourcecode.swift; path = ProfileViewData.swift; sourceTree = "<group>"; };
		CA7E50FE2AE2C06900D4BD71 /* StoriesViewEvent.swift */ = {isa = PBXFileReference; lastKnownFileType = sourcecode.swift; path = StoriesViewEvent.swift; sourceTree = "<group>"; };
		CA7E51002AE2C07600D4BD71 /* ProfileViewEvent.swift */ = {isa = PBXFileReference; lastKnownFileType = sourcecode.swift; path = ProfileViewEvent.swift; sourceTree = "<group>"; };
		CA7E51022AE2DAD800D4BD71 /* GoogleService-Info.plist */ = {isa = PBXFileReference; fileEncoding = 4; lastKnownFileType = text.plist.xml; path = "GoogleService-Info.plist"; sourceTree = "<group>"; };
		CA7E51062AE3C49200D4BD71 /* Nunito-Bold.ttf */ = {isa = PBXFileReference; lastKnownFileType = file; path = "Nunito-Bold.ttf"; sourceTree = "<group>"; };
		CA7E51072AE3C49D00D4BD71 /* Nunito-SemiBold.ttf */ = {isa = PBXFileReference; lastKnownFileType = file; path = "Nunito-SemiBold.ttf"; sourceTree = "<group>"; };
		CA7E51082AE3C49D00D4BD71 /* Nunito-Regular.ttf */ = {isa = PBXFileReference; lastKnownFileType = file; path = "Nunito-Regular.ttf"; sourceTree = "<group>"; };
/* End PBXFileReference section */

/* Begin PBXFrameworksBuildPhase section */
		CA37A85D2AE29099008D0A4A /* Frameworks */ = {
			isa = PBXFrameworksBuildPhase;
			buildActionMask = 2147483647;
			files = (
				CA37A90F2AE29BD3008D0A4A /* Kingfisher in Frameworks */,
				CA37A90C2AE29BC9008D0A4A /* Networking in Frameworks */,
				CA7E50D12AE2B82900D4BD71 /* FirebasePerformance in Frameworks */,
				CA7E50A52AE2B82900D4BD71 /* FirebaseAnalytics in Frameworks */,
				CA7E50CB2AE2B82900D4BD71 /* FirebaseInstallations in Frameworks */,
				CA7E50AF2AE2B82900D4BD71 /* FirebaseAppDistribution-Beta in Frameworks */,
				CA7E50D92AE2B82900D4BD71 /* FirebaseStorageCombine-Community in Frameworks */,
				CA7E50C72AE2B82900D4BD71 /* FirebaseInAppMessaging-Beta in Frameworks */,
				CA7E50B32AE2B82900D4BD71 /* FirebaseAuthCombine-Community in Frameworks */,
				CA7E50D72AE2B82900D4BD71 /* FirebaseStorage in Frameworks */,
				CA7E50C12AE2B82900D4BD71 /* FirebaseFirestoreSwift in Frameworks */,
				CA7E50D52AE2B82900D4BD71 /* FirebaseRemoteConfigSwift in Frameworks */,
				E12D44B45D13500945E194CF /* Pods_defaults_Metis.framework in Frameworks */,
				CA7E50C92AE2B82900D4BD71 /* FirebaseInAppMessagingSwift-Beta in Frameworks */,
				CA7E50BF2AE2B82900D4BD71 /* FirebaseFirestoreCombine-Community in Frameworks */,
				CA7E50D32AE2B82900D4BD71 /* FirebaseRemoteConfig in Frameworks */,
				CA7E50B12AE2B82900D4BD71 /* FirebaseAuth in Frameworks */,
				CA7E50B72AE2B82900D4BD71 /* FirebaseDatabase in Frameworks */,
				CA7E50AD2AE2B82900D4BD71 /* FirebaseAppCheck in Frameworks */,
				CA7E50AB2AE2B82900D4BD71 /* FirebaseAnalyticsWithoutAdIdSupport in Frameworks */,
				CA7E50A92AE2B82900D4BD71 /* FirebaseAnalyticsSwift in Frameworks */,
				CA7E50A72AE2B82900D4BD71 /* FirebaseAnalyticsOnDeviceConversion in Frameworks */,
				CA7E50BB2AE2B82900D4BD71 /* FirebaseDynamicLinks in Frameworks */,
				CA7E50BD2AE2B82900D4BD71 /* FirebaseFirestore in Frameworks */,
				CA7E50B92AE2B82900D4BD71 /* FirebaseDatabaseSwift in Frameworks */,
				CA7E50C32AE2B82900D4BD71 /* FirebaseFunctions in Frameworks */,
				CA37A95A2AE2A60D008D0A4A /* CombineExt in Frameworks */,
				CA37A9552AE2A5C9008D0A4A /* GoogleSignIn in Frameworks */,
				CA7E50B52AE2B82900D4BD71 /* FirebaseCrashlytics in Frameworks */,
				CA9EB11E2AE3D66300E300D7 /* SwiftUICharts in Frameworks */,
				CA37A9092AE29BB9008D0A4A /* DependencyInjection in Frameworks */,
				CA37A9572AE2A5C9008D0A4A /* GoogleSignInSwift in Frameworks */,
				CA7E50CF2AE2B82900D4BD71 /* FirebaseMessaging in Frameworks */,
				CA7E50C52AE2B82900D4BD71 /* FirebaseFunctionsCombine-Community in Frameworks */,
				CA7E50CD2AE2B82900D4BD71 /* FirebaseMLModelDownloader in Frameworks */,
			);
			runOnlyForDeploymentPostprocessing = 0;
		};
/* End PBXFrameworksBuildPhase section */

/* Begin PBXGroup section */
		6EC3DEA2C0606263CD2EF0CA /* Pods */ = {
			isa = PBXGroup;
			children = (
				C3788AA75042DB866C7E1FA3 /* Pods-defaults-Metis.debug.xcconfig */,
				4CF301BBE3F8D887F512323C /* Pods-defaults-Metis.release.xcconfig */,
			);
			path = Pods;
			sourceTree = "<group>";
		};
		CA37A8572AE29099008D0A4A = {
			isa = PBXGroup;
			children = (
				CA37A8622AE29099008D0A4A /* Metis */,
				CA37A8612AE29099008D0A4A /* Products */,
				6EC3DEA2C0606263CD2EF0CA /* Pods */,
				E93355D58DF84B2AC796322A /* Frameworks */,
			);
			sourceTree = "<group>";
		};
		CA37A8612AE29099008D0A4A /* Products */ = {
			isa = PBXGroup;
			children = (
				CA37A8602AE29099008D0A4A /* Metis.app */,
			);
			name = Products;
			sourceTree = "<group>";
		};
		CA37A8622AE29099008D0A4A /* Metis */ = {
			isa = PBXGroup;
			children = (
				CA7E51022AE2DAD800D4BD71 /* GoogleService-Info.plist */,
				CA37A9402AE2A313008D0A4A /* Configurations */,
				CA37A9232AE2A064008D0A4A /* R.generated.swift */,
				CA37A8712AE2909A008D0A4A /* Info.plist */,
				CA37A8772AE29911008D0A4A /* Application */,
				CA37A8782AE29916008D0A4A /* Common */,
				CA37A8792AE2991B008D0A4A /* Scene */,
			);
			path = Metis;
			sourceTree = "<group>";
		};
		CA37A8772AE29911008D0A4A /* Application */ = {
			isa = PBXGroup;
			children = (
				CA37A87B2AE2993D008D0A4A /* Resources */,
				CA37A8632AE29099008D0A4A /* AppDelegate.swift */,
				CA37A8652AE29099008D0A4A /* SceneDelegate.swift */,
				CA7E50802AE2AA5A00D4BD71 /* main.swift */,
			);
			path = Application;
			sourceTree = "<group>";
		};
		CA37A8782AE29916008D0A4A /* Common */ = {
			isa = PBXGroup;
			children = (
				CA37A8AB2AE29A2A008D0A4A /* Configurations */,
				CA37A8912AE29A29008D0A4A /* Coordinators */,
				CA37A8BD2AE29A2A008D0A4A /* DependencyInjection */,
				CA37A8832AE29A29008D0A4A /* Extensions */,
				CA37A88E2AE29A29008D0A4A /* Managers */,
				CA37A8B12AE29A2A008D0A4A /* Models */,
				CA37A8C32AE29A2A008D0A4A /* Protocols */,
				CA37A89A2AE29A29008D0A4A /* Services */,
				CA37A8A32AE29A2A008D0A4A /* Types */,
				CA37A8A62AE29A2A008D0A4A /* UI */,
			);
			path = Common;
			sourceTree = "<group>";
		};
		CA37A8792AE2991B008D0A4A /* Scene */ = {
			isa = PBXGroup;
			children = (
				CA37A92C2AE2A143008D0A4A /* MainTabBar */,
				CA7E50822AE2B0DA00D4BD71 /* SignInFlow */,
				CA37A9112AE29C0A008D0A4A /* DashboardFlow */,
				CA37A9122AE29C10008D0A4A /* StoriesFlow */,
				CA37A9132AE29C17008D0A4A /* ProfileFlow */,
				CA37A9102AE29C03008D0A4A /* LaunchScreen */,
			);
			path = Scene;
			sourceTree = "<group>";
		};
		CA37A87B2AE2993D008D0A4A /* Resources */ = {
			isa = PBXGroup;
			children = (
				CA7E51082AE3C49D00D4BD71 /* Nunito-Regular.ttf */,
				CA7E51072AE3C49D00D4BD71 /* Nunito-SemiBold.ttf */,
				CA7E51062AE3C49200D4BD71 /* Nunito-Bold.ttf */,
				CA37A86C2AE2909A008D0A4A /* Assets.xcassets */,
				CA37A92B2AE2A12F008D0A4A /* Localizable.strings */,
			);
			path = Resources;
			sourceTree = "<group>";
		};
		CA37A8832AE29A29008D0A4A /* Extensions */ = {
			isa = PBXGroup;
			children = (
				CA37A8842AE29A29008D0A4A /* UIKit */,
				CA37A88A2AE29A29008D0A4A /* SwiftUI */,
			);
			path = Extensions;
			sourceTree = "<group>";
		};
		CA37A8842AE29A29008D0A4A /* UIKit */ = {
			isa = PBXGroup;
			children = (
				CA37A8852AE29A29008D0A4A /* UIFont+AppFonts.swift */,
				CA37A8862AE29A29008D0A4A /* UIViewController+Toast.swift */,
				CA37A8872AE29A29008D0A4A /* Collection+SafeSubscript.swift */,
				CA37A8882AE29A29008D0A4A /* UISceneDelegate+AppCoordinator.swift */,
				CA37A8892AE29A29008D0A4A /* UIColor+AppColors.swift */,
				CA7E50A12AE2B61B00D4BD71 /* StoryboardReference+StoreContaining.swift */,
			);
			path = UIKit;
			sourceTree = "<group>";
		};
		CA37A88A2AE29A29008D0A4A /* SwiftUI */ = {
			isa = PBXGroup;
			children = (
				CA37A88B2AE29A29008D0A4A /* Color+AppColors.swift */,
				CA37A88C2AE29A29008D0A4A /* Font+AppFonts.swift */,
				CA37A88D2AE29A29008D0A4A /* View+OnFirstAppear.swift */,
			);
			path = SwiftUI;
			sourceTree = "<group>";
		};
		CA37A88E2AE29A29008D0A4A /* Managers */ = {
			isa = PBXGroup;
			children = (
			);
			path = Managers;
			sourceTree = "<group>";
		};
		CA37A8912AE29A29008D0A4A /* Coordinators */ = {
			isa = PBXGroup;
			children = (
				CA37A8922AE29A29008D0A4A /* App */,
				CA37A8952AE29A29008D0A4A /* Scene */,
			);
			name = Coordinators;
			path = "../../../nennos-pizza/Project/Common/Coordinators";
			sourceTree = "<group>";
		};
		CA37A8922AE29A29008D0A4A /* App */ = {
			isa = PBXGroup;
			children = (
				CA37A8932AE29A29008D0A4A /* AppCoordinator.swift */,
				CA37A8942AE29A29008D0A4A /* AppCoordinating.swift */,
			);
			path = App;
			sourceTree = "<group>";
		};
		CA37A8952AE29A29008D0A4A /* Scene */ = {
			isa = PBXGroup;
			children = (
				CA37A8962AE29A29008D0A4A /* SceneCoordinating.swift */,
				CA37A8972AE29A29008D0A4A /* InitialScene */,
			);
			path = Scene;
			sourceTree = "<group>";
		};
		CA37A8972AE29A29008D0A4A /* InitialScene */ = {
			isa = PBXGroup;
			children = (
				CA37A8982AE29A29008D0A4A /* InitialSceneCoordinating.swift */,
				CA37A8992AE29A29008D0A4A /* InitialSceneCoordinator.swift */,
			);
			path = InitialScene;
			sourceTree = "<group>";
		};
		CA37A89A2AE29A29008D0A4A /* Services */ = {
			isa = PBXGroup;
			children = (
			);
			path = Services;
			sourceTree = "<group>";
		};
		CA37A8A32AE29A2A008D0A4A /* Types */ = {
			isa = PBXGroup;
			children = (
				CA37A8A42AE29A2A008D0A4A /* ActiveScene.swift */,
				CA37A8A52AE29A2A008D0A4A /* LocalizedString.swift */,
				CA7E509D2AE2B59F00D4BD71 /* ReactiveViewController.swift */,
			);
			path = Types;
			sourceTree = "<group>";
		};
		CA37A8A62AE29A2A008D0A4A /* UI */ = {
			isa = PBXGroup;
			children = (
			);
			name = UI;
			path = "../../../nennos-pizza/Project/Common/UI";
			sourceTree = "<group>";
		};
		CA37A8AB2AE29A2A008D0A4A /* Configurations */ = {
			isa = PBXGroup;
			children = (
				CA37A8AC2AE29A2A008D0A4A /* SceneConfiguration */,
				CA37A8B02AE29A2A008D0A4A /* Configuration.swift */,
			);
			path = Configurations;
			sourceTree = "<group>";
		};
		CA37A8AC2AE29A2A008D0A4A /* SceneConfiguration */ = {
			isa = PBXGroup;
			children = (
				CA37A8AD2AE29A2A008D0A4A /* SceneManifest.swift */,
				CA37A8AE2AE29A2A008D0A4A /* SceneConfiguration.swift */,
				CA37A8AF2AE29A2A008D0A4A /* SceneConfigurationsContainer.swift */,
			);
			path = SceneConfiguration;
			sourceTree = "<group>";
		};
		CA37A8B12AE29A2A008D0A4A /* Models */ = {
			isa = PBXGroup;
			children = (
				CA37A8B22AE29A2A008D0A4A /* FeatureModels */,
				CA37A8B82AE29A2A008D0A4A /* API */,
			);
			name = Models;
			path = "../../../nennos-pizza/Project/Common/Models";
			sourceTree = "<group>";
		};
		CA37A8B22AE29A2A008D0A4A /* FeatureModels */ = {
			isa = PBXGroup;
			children = (
			);
			path = FeatureModels;
			sourceTree = "<group>";
		};
		CA37A8B82AE29A2A008D0A4A /* API */ = {
			isa = PBXGroup;
			children = (
			);
			path = API;
			sourceTree = "<group>";
		};
		CA37A8BD2AE29A2A008D0A4A /* DependencyInjection */ = {
			isa = PBXGroup;
			children = (
				CA37A8BE2AE29A2A008D0A4A /* StoreRegistration.swift */,
				CA37A8BF2AE29A2A008D0A4A /* ManagerRegistration.swift */,
				CA37A8C02AE29A2A008D0A4A /* ServiceRegistration.swift */,
			);
			name = DependencyInjection;
			path = "../../../nennos-pizza/Project/Common/DependencyInjection";
			sourceTree = "<group>";
		};
		CA37A8C32AE29A2A008D0A4A /* Protocols */ = {
			isa = PBXGroup;
			children = (
				CA37A8C42AE29A2A008D0A4A /* Types */,
				CA37A8C62AE29A2A008D0A4A /* Coordination */,
				CA37A8CC2AE29A2A008D0A4A /* Stores */,
				CA7E509F2AE2B5D100D4BD71 /* ReactiveViewControllerProtocol.swift */,
			);
			path = Protocols;
			sourceTree = "<group>";
		};
		CA37A8C42AE29A2A008D0A4A /* Types */ = {
			isa = PBXGroup;
			children = (
				CA37A8C52AE29A2A008D0A4A /* PropertyPublisher.swift */,
			);
			path = Types;
			sourceTree = "<group>";
		};
		CA37A8C62AE29A2A008D0A4A /* Coordination */ = {
			isa = PBXGroup;
			children = (
				CA37A8C72AE29A2A008D0A4A /* EventEmitting.swift */,
				CA37A8C82AE29A2A008D0A4A /* ViewControllerCoordinator.swift */,
				CA37A8C92AE29A2A008D0A4A /* NavigationControllerCoordinator.swift */,
				CA37A8CA2AE29A2A008D0A4A /* AppCoordinatorContaining.swift */,
				CA37A8CB2AE29A2A008D0A4A /* Coordinator.swift */,
				CA37A9392AE2A217008D0A4A /* TabBarControllerCoordinator.swift */,
			);
			path = Coordination;
			sourceTree = "<group>";
		};
		CA37A8CC2AE29A2A008D0A4A /* Stores */ = {
			isa = PBXGroup;
			children = (
				CA37A8CD2AE29A2A008D0A4A /* StoreState.swift */,
				CA37A8CE2AE29A2A008D0A4A /* Store.swift */,
				CA37A8CF2AE29A2A008D0A4A /* StoreContaining.swift */,
				CA37A8D02AE29A2A008D0A4A /* PublishingStore.swift */,
			);
			path = Stores;
			sourceTree = "<group>";
		};
		CA37A9102AE29C03008D0A4A /* LaunchScreen */ = {
			isa = PBXGroup;
			children = (
				CA37A86E2AE2909A008D0A4A /* LaunchScreen.storyboard */,
			);
			path = LaunchScreen;
			sourceTree = "<group>";
		};
		CA37A9112AE29C0A008D0A4A /* DashboardFlow */ = {
			isa = PBXGroup;
			children = (
				CA37A93B2AE2A265008D0A4A /* Coordinator */,
				CA37A9142AE29C3B008D0A4A /* Common */,
				CA37A9152AE29C3F008D0A4A /* UI */,
			);
			path = DashboardFlow;
			sourceTree = "<group>";
		};
		CA37A9122AE29C10008D0A4A /* StoriesFlow */ = {
			isa = PBXGroup;
			children = (
				CA7E50DA2AE2BE2900D4BD71 /* Coordinator */,
				CA7E50E42AE2BF4000D4BD71 /* Common */,
				CA7E50E52AE2BF4500D4BD71 /* UI */,
			);
			path = StoriesFlow;
			sourceTree = "<group>";
		};
		CA37A9132AE29C17008D0A4A /* ProfileFlow */ = {
			isa = PBXGroup;
			children = (
				CA7E50DB2AE2BE2E00D4BD71 /* Coordinator */,
				CA7E50E62AE2BF5100D4BD71 /* Common */,
				CA7E50E72AE2BF5600D4BD71 /* UI */,
			);
			path = ProfileFlow;
			sourceTree = "<group>";
		};
		CA37A9142AE29C3B008D0A4A /* Common */ = {
			isa = PBXGroup;
			children = (
				CA37A91E2AE29CF4008D0A4A /* Store */,
				CA37A91C2AE29CEF008D0A4A /* DashboardViewData.swift */,
				CA37A91F2AE29D14008D0A4A /* DashboardViewEvent.swift */,
			);
			path = Common;
			sourceTree = "<group>";
		};
		CA37A9152AE29C3F008D0A4A /* UI */ = {
			isa = PBXGroup;
			children = (
				CA37A9212AE29D43008D0A4A /* DashboardView.swift */,
			);
			path = UI;
			sourceTree = "<group>";
		};
		CA37A91E2AE29CF4008D0A4A /* Store */ = {
			isa = PBXGroup;
			children = (
				CA37A9162AE29C57008D0A4A /* DashboardAction.swift */,
				CA37A9182AE29C71008D0A4A /* DashboardState.swift */,
				CA37A91A2AE29C97008D0A4A /* DashboardStore.swift */,
			);
			path = Store;
			sourceTree = "<group>";
		};
		CA37A92C2AE2A143008D0A4A /* MainTabBar */ = {
			isa = PBXGroup;
			children = (
				CA37A92F2AE2A1B8008D0A4A /* Coordinator */,
				CA37A9322AE2A1B8008D0A4A /* UI */,
			);
			path = MainTabBar;
			sourceTree = "<group>";
		};
		CA37A92F2AE2A1B8008D0A4A /* Coordinator */ = {
			isa = PBXGroup;
			children = (
				CA37A9302AE2A1B8008D0A4A /* MainTabBarCoordinatorEvent.swift */,
				CA37A9312AE2A1B8008D0A4A /* MainTabBarCoordinator.swift */,
			);
			path = Coordinator;
			sourceTree = "<group>";
		};
		CA37A9322AE2A1B8008D0A4A /* UI */ = {
			isa = PBXGroup;
			children = (
				CA37A9332AE2A1B8008D0A4A /* MainTabBarViewEvent.swift */,
				CA37A9342AE2A1B8008D0A4A /* MainTabBarViewController.swift */,
			);
			path = UI;
			sourceTree = "<group>";
		};
		CA37A93B2AE2A265008D0A4A /* Coordinator */ = {
			isa = PBXGroup;
			children = (
				CA37A93C2AE2A26E008D0A4A /* DashboardCoordinator.swift */,
				CA37A93E2AE2A2C3008D0A4A /* DashboardCoordinatorEvent.swift */,
			);
			path = Coordinator;
			sourceTree = "<group>";
		};
		CA37A9402AE2A313008D0A4A /* Configurations */ = {
			isa = PBXGroup;
			children = (
				CA37A9432AE2A333008D0A4A /* Development.xcconfig */,
			);
			path = Configurations;
			sourceTree = "<group>";
		};
		CA7E50822AE2B0DA00D4BD71 /* SignInFlow */ = {
			isa = PBXGroup;
			children = (
				CA7E50832AE2B0EC00D4BD71 /* Coordinator */,
				CA7E50852AE2B0F400D4BD71 /* Common */,
				CA7E50842AE2B0F100D4BD71 /* UI */,
			);
			path = SignInFlow;
			sourceTree = "<group>";
		};
		CA7E50832AE2B0EC00D4BD71 /* Coordinator */ = {
			isa = PBXGroup;
			children = (
				CA7E50862AE2B10700D4BD71 /* SignInCoordinator.swift */,
				CA7E50882AE2B13D00D4BD71 /* SignInCoordinatorEvent.swift */,
			);
			path = Coordinator;
			sourceTree = "<group>";
		};
		CA7E50842AE2B0F100D4BD71 /* UI */ = {
			isa = PBXGroup;
			children = (
				CA7E50992AE2B4C900D4BD71 /* SignInViewController.swift */,
				CA7E509B2AE2B4D600D4BD71 /* SignInViewController.storyboard */,
			);
			path = UI;
			sourceTree = "<group>";
		};
		CA7E50852AE2B0F400D4BD71 /* Common */ = {
			isa = PBXGroup;
			children = (
				CA7E508A2AE2B15300D4BD71 /* Store */,
				CA7E50912AE2B17B00D4BD71 /* SignInViewData.swift */,
				CA7E50932AE2B18300D4BD71 /* SignInViewEvent.swift */,
			);
			path = Common;
			sourceTree = "<group>";
		};
		CA7E508A2AE2B15300D4BD71 /* Store */ = {
			isa = PBXGroup;
			children = (
				CA7E508F2AE2B16B00D4BD71 /* SignInAction.swift */,
				CA7E508D2AE2B16400D4BD71 /* SignInState.swift */,
				CA7E508B2AE2B15E00D4BD71 /* SignInStore.swift */,
			);
			path = Store;
			sourceTree = "<group>";
		};
		CA7E50DA2AE2BE2900D4BD71 /* Coordinator */ = {
			isa = PBXGroup;
			children = (
				CA7E50DC2AE2BE3B00D4BD71 /* StoriesCoordinator.swift */,
				CA7E50E02AE2BED200D4BD71 /* StoriesCoordinatorEvent.swift */,
			);
			path = Coordinator;
			sourceTree = "<group>";
		};
		CA7E50DB2AE2BE2E00D4BD71 /* Coordinator */ = {
			isa = PBXGroup;
			children = (
				CA7E50DE2AE2BE4400D4BD71 /* ProfileCoordinator.swift */,
				CA7E50E22AE2BEE200D4BD71 /* ProfileCoordinatorEvent.swift */,
			);
			path = Coordinator;
			sourceTree = "<group>";
		};
		CA7E50E42AE2BF4000D4BD71 /* Common */ = {
			isa = PBXGroup;
			children = (
				CA7E50ED2AE2BFD000D4BD71 /* Store */,
				CA7E50FA2AE2C04700D4BD71 /* StoriesViewData.swift */,
				CA7E50FE2AE2C06900D4BD71 /* StoriesViewEvent.swift */,
			);
			path = Common;
			sourceTree = "<group>";
		};
		CA7E50E52AE2BF4500D4BD71 /* UI */ = {
			isa = PBXGroup;
			children = (
				CA7E50EA2AE2BF6A00D4BD71 /* StoriesView.swift */,
			);
			path = UI;
			sourceTree = "<group>";
		};
		CA7E50E62AE2BF5100D4BD71 /* Common */ = {
			isa = PBXGroup;
			children = (
				CA7E50EC2AE2BFCB00D4BD71 /* Store */,
				CA7E50FC2AE2C05900D4BD71 /* ProfileViewData.swift */,
				CA7E51002AE2C07600D4BD71 /* ProfileViewEvent.swift */,
			);
			path = Common;
			sourceTree = "<group>";
		};
		CA7E50E72AE2BF5600D4BD71 /* UI */ = {
			isa = PBXGroup;
			children = (
				CA7E50E82AE2BF6500D4BD71 /* ProfileView.swift */,
			);
			path = UI;
			sourceTree = "<group>";
		};
		CA7E50EC2AE2BFCB00D4BD71 /* Store */ = {
			isa = PBXGroup;
			children = (
				CA7E50F42AE2BFFD00D4BD71 /* ProfileAction.swift */,
				CA7E50F62AE2C00400D4BD71 /* ProfileState.swift */,
				CA7E50F82AE2C00A00D4BD71 /* ProfileStore.swift */,
			);
			path = Store;
			sourceTree = "<group>";
		};
		CA7E50ED2AE2BFD000D4BD71 /* Store */ = {
			isa = PBXGroup;
			children = (
				CA7E50EE2AE2BFD900D4BD71 /* StoriesAction.swift */,
				CA7E50F02AE2BFDF00D4BD71 /* StoriesState.swift */,
				CA7E50F22AE2BFE600D4BD71 /* StoriesStore.swift */,
			);
			path = Store;
			sourceTree = "<group>";
		};
		E93355D58DF84B2AC796322A /* Frameworks */ = {
			isa = PBXGroup;
			children = (
				43A8B312CE9A34E1D68F53AB /* Pods_defaults_Metis.framework */,
			);
			name = Frameworks;
			sourceTree = "<group>";
		};
/* End PBXGroup section */

/* Begin PBXNativeTarget section */
		CA37A85F2AE29099008D0A4A /* Metis */ = {
			isa = PBXNativeTarget;
			buildConfigurationList = CA37A8742AE2909A008D0A4A /* Build configuration list for PBXNativeTarget "Metis" */;
			buildPhases = (
				7158A6C83AC91727E5579CC8 /* [CP] Check Pods Manifest.lock */,
				CA37A87C2AE2996C008D0A4A /* R.generate */,
				CA37A85C2AE29099008D0A4A /* Sources */,
				CA37A85D2AE29099008D0A4A /* Frameworks */,
				CA37A85E2AE29099008D0A4A /* Resources */,
				CA37A87D2AE2998C008D0A4A /* SwiftFormat */,
				CA37A87E2AE2999E008D0A4A /* Swiftlint */,
				A031DCBD3D17F46E3C5B15AF /* [CP] Embed Pods Frameworks */,
			);
			buildRules = (
			);
			dependencies = (
			);
			name = Metis;
			packageProductDependencies = (
				CA37A9082AE29BB9008D0A4A /* DependencyInjection */,
				CA37A90B2AE29BC9008D0A4A /* Networking */,
				CA37A90E2AE29BD3008D0A4A /* Kingfisher */,
				CA37A9542AE2A5C9008D0A4A /* GoogleSignIn */,
				CA37A9562AE2A5C9008D0A4A /* GoogleSignInSwift */,
				CA37A9592AE2A60D008D0A4A /* CombineExt */,
				CA7E50A42AE2B82900D4BD71 /* FirebaseAnalytics */,
				CA7E50A62AE2B82900D4BD71 /* FirebaseAnalyticsOnDeviceConversion */,
				CA7E50A82AE2B82900D4BD71 /* FirebaseAnalyticsSwift */,
				CA7E50AA2AE2B82900D4BD71 /* FirebaseAnalyticsWithoutAdIdSupport */,
				CA7E50AC2AE2B82900D4BD71 /* FirebaseAppCheck */,
				CA7E50AE2AE2B82900D4BD71 /* FirebaseAppDistribution-Beta */,
				CA7E50B02AE2B82900D4BD71 /* FirebaseAuth */,
				CA7E50B22AE2B82900D4BD71 /* FirebaseAuthCombine-Community */,
				CA7E50B42AE2B82900D4BD71 /* FirebaseCrashlytics */,
				CA7E50B62AE2B82900D4BD71 /* FirebaseDatabase */,
				CA7E50B82AE2B82900D4BD71 /* FirebaseDatabaseSwift */,
				CA7E50BA2AE2B82900D4BD71 /* FirebaseDynamicLinks */,
				CA7E50BC2AE2B82900D4BD71 /* FirebaseFirestore */,
				CA7E50BE2AE2B82900D4BD71 /* FirebaseFirestoreCombine-Community */,
				CA7E50C02AE2B82900D4BD71 /* FirebaseFirestoreSwift */,
				CA7E50C22AE2B82900D4BD71 /* FirebaseFunctions */,
				CA7E50C42AE2B82900D4BD71 /* FirebaseFunctionsCombine-Community */,
				CA7E50C62AE2B82900D4BD71 /* FirebaseInAppMessaging-Beta */,
				CA7E50C82AE2B82900D4BD71 /* FirebaseInAppMessagingSwift-Beta */,
				CA7E50CA2AE2B82900D4BD71 /* FirebaseInstallations */,
				CA7E50CC2AE2B82900D4BD71 /* FirebaseMLModelDownloader */,
				CA7E50CE2AE2B82900D4BD71 /* FirebaseMessaging */,
				CA7E50D02AE2B82900D4BD71 /* FirebasePerformance */,
				CA7E50D22AE2B82900D4BD71 /* FirebaseRemoteConfig */,
				CA7E50D42AE2B82900D4BD71 /* FirebaseRemoteConfigSwift */,
				CA7E50D62AE2B82900D4BD71 /* FirebaseStorage */,
				CA7E50D82AE2B82900D4BD71 /* FirebaseStorageCombine-Community */,
				CA9EB11D2AE3D66300E300D7 /* SwiftUICharts */,
			);
			productName = Metis;
			productReference = CA37A8602AE29099008D0A4A /* Metis.app */;
			productType = "com.apple.product-type.application";
		};
/* End PBXNativeTarget section */

/* Begin PBXProject section */
		CA37A8582AE29099008D0A4A /* Project object */ = {
			isa = PBXProject;
			attributes = {
				BuildIndependentTargetsInParallel = 1;
				LastSwiftUpdateCheck = 1500;
				LastUpgradeCheck = 1500;
				TargetAttributes = {
					CA37A85F2AE29099008D0A4A = {
						CreatedOnToolsVersion = 15.0.1;
					};
				};
			};
			buildConfigurationList = CA37A85B2AE29099008D0A4A /* Build configuration list for PBXProject "Metis" */;
			compatibilityVersion = "Xcode 14.0";
			developmentRegion = en;
			hasScannedForEncodings = 0;
			knownRegions = (
				en,
				Base,
			);
			mainGroup = CA37A8572AE29099008D0A4A;
			packageReferences = (
				CA37A9072AE29BB9008D0A4A /* XCRemoteSwiftPackageReference "ios-dependency-injection" */,
				CA37A90A2AE29BC9008D0A4A /* XCRemoteSwiftPackageReference "ios-networking" */,
				CA37A90D2AE29BD3008D0A4A /* XCRemoteSwiftPackageReference "Kingfisher" */,
				CA37A9532AE2A5C9008D0A4A /* XCRemoteSwiftPackageReference "GoogleSignIn-iOS" */,
				CA37A9582AE2A60D008D0A4A /* XCRemoteSwiftPackageReference "CombineExt" */,
				CA7E50A32AE2B82800D4BD71 /* XCRemoteSwiftPackageReference "firebase-ios-sdk" */,
				CA9EB11C2AE3D66300E300D7 /* XCRemoteSwiftPackageReference "ChartView" */,
			);
			productRefGroup = CA37A8612AE29099008D0A4A /* Products */;
			projectDirPath = "";
			projectRoot = "";
			targets = (
				CA37A85F2AE29099008D0A4A /* Metis */,
			);
		};
/* End PBXProject section */

/* Begin PBXResourcesBuildPhase section */
		CA37A85E2AE29099008D0A4A /* Resources */ = {
			isa = PBXResourcesBuildPhase;
			buildActionMask = 2147483647;
			files = (
				CA7E510A2AE3C4A600D4BD71 /* Nunito-SemiBold.ttf in Resources */,
				CA37A9462AE2A333008D0A4A /* Development.xcconfig in Resources */,
				CA37A8702AE2909A008D0A4A /* LaunchScreen.storyboard in Resources */,
				CA7E509C2AE2B4D600D4BD71 /* SignInViewController.storyboard in Resources */,
				CA7E510B2AE3C4A900D4BD71 /* Nunito-Bold.ttf in Resources */,
				CA37A9292AE2A12F008D0A4A /* Localizable.strings in Resources */,
				CA7E51092AE3C49E00D4BD71 /* Nunito-Regular.ttf in Resources */,
				CA37A86D2AE2909A008D0A4A /* Assets.xcassets in Resources */,
				CA7E51032AE2DAD800D4BD71 /* GoogleService-Info.plist in Resources */,
			);
			runOnlyForDeploymentPostprocessing = 0;
		};
/* End PBXResourcesBuildPhase section */

/* Begin PBXShellScriptBuildPhase section */
		7158A6C83AC91727E5579CC8 /* [CP] Check Pods Manifest.lock */ = {
			isa = PBXShellScriptBuildPhase;
			buildActionMask = 2147483647;
			files = (
			);
			inputFileListPaths = (
			);
			inputPaths = (
				"${PODS_PODFILE_DIR_PATH}/Podfile.lock",
				"${PODS_ROOT}/Manifest.lock",
			);
			name = "[CP] Check Pods Manifest.lock";
			outputFileListPaths = (
			);
			outputPaths = (
				"$(DERIVED_FILE_DIR)/Pods-defaults-Metis-checkManifestLockResult.txt",
			);
			runOnlyForDeploymentPostprocessing = 0;
			shellPath = /bin/sh;
			shellScript = "diff \"${PODS_PODFILE_DIR_PATH}/Podfile.lock\" \"${PODS_ROOT}/Manifest.lock\" > /dev/null\nif [ $? != 0 ] ; then\n    # print error to STDERR\n    echo \"error: The sandbox is not in sync with the Podfile.lock. Run 'pod install' or update your CocoaPods installation.\" >&2\n    exit 1\nfi\n# This output is used by Xcode 'outputs' to avoid re-running this script phase.\necho \"SUCCESS\" > \"${SCRIPT_OUTPUT_FILE_0}\"\n";
			showEnvVarsInLog = 0;
		};
		A031DCBD3D17F46E3C5B15AF /* [CP] Embed Pods Frameworks */ = {
			isa = PBXShellScriptBuildPhase;
			buildActionMask = 2147483647;
			files = (
			);
			inputFileListPaths = (
				"${PODS_ROOT}/Target Support Files/Pods-defaults-Metis/Pods-defaults-Metis-frameworks-${CONFIGURATION}-input-files.xcfilelist",
			);
			name = "[CP] Embed Pods Frameworks";
			outputFileListPaths = (
				"${PODS_ROOT}/Target Support Files/Pods-defaults-Metis/Pods-defaults-Metis-frameworks-${CONFIGURATION}-output-files.xcfilelist",
			);
			runOnlyForDeploymentPostprocessing = 0;
			shellPath = /bin/sh;
			shellScript = "\"${PODS_ROOT}/Target Support Files/Pods-defaults-Metis/Pods-defaults-Metis-frameworks.sh\"\n";
			showEnvVarsInLog = 0;
		};
		CA37A87C2AE2996C008D0A4A /* R.generate */ = {
			isa = PBXShellScriptBuildPhase;
			alwaysOutOfDate = 1;
			buildActionMask = 2147483647;
			files = (
			);
			inputFileListPaths = (
			);
			inputPaths = (
			);
			name = R.generate;
			outputFileListPaths = (
			);
			outputPaths = (
			);
			runOnlyForDeploymentPostprocessing = 0;
			shellPath = /bin/sh;
			shellScript = "\"$PODS_ROOT/R.swift/rswift\" generate \"$SRCROOT/R.generated.swift\"\n";
		};
		CA37A87D2AE2998C008D0A4A /* SwiftFormat */ = {
			isa = PBXShellScriptBuildPhase;
			alwaysOutOfDate = 1;
			buildActionMask = 2147483647;
			files = (
			);
			inputFileListPaths = (
			);
			inputPaths = (
			);
			name = SwiftFormat;
			outputFileListPaths = (
			);
			outputPaths = (
			);
			runOnlyForDeploymentPostprocessing = 0;
			shellPath = /bin/sh;
			shellScript = "\"${PODS_ROOT}/SwiftFormat/CommandLineTool/swiftformat\" \"$SRCROOT\"\n";
		};
		CA37A87E2AE2999E008D0A4A /* Swiftlint */ = {
			isa = PBXShellScriptBuildPhase;
			alwaysOutOfDate = 1;
			buildActionMask = 2147483647;
			files = (
			);
			inputFileListPaths = (
			);
			inputPaths = (
			);
			name = Swiftlint;
			outputFileListPaths = (
			);
			outputPaths = (
			);
			runOnlyForDeploymentPostprocessing = 0;
			shellPath = /bin/sh;
			shellScript = "podSwiftlint=\"${PODS_ROOT}/SwiftLint/swiftlint\"\n\nif [ -f \"$podSwiftlint\" ]; then\n    $podSwiftlint\nelse\n    echo \"'warning: Cannot find SwiftLint in the expected Cocoapods location.\"\nfi\n";
		};
/* End PBXShellScriptBuildPhase section */

/* Begin PBXSourcesBuildPhase section */
		CA37A85C2AE29099008D0A4A /* Sources */ = {
			isa = PBXSourcesBuildPhase;
			buildActionMask = 2147483647;
			files = (
				CA37A9362AE2A1B8008D0A4A /* MainTabBarCoordinator.swift in Sources */,
				CA7E508C2AE2B15E00D4BD71 /* SignInStore.swift in Sources */,
				CA37A9242AE2A064008D0A4A /* R.generated.swift in Sources */,
				CA7E50FB2AE2C04700D4BD71 /* StoriesViewData.swift in Sources */,
				CA7E50A02AE2B5D100D4BD71 /* ReactiveViewControllerProtocol.swift in Sources */,
				CA37A8DD2AE29A2A008D0A4A /* SceneCoordinating.swift in Sources */,
				CA7E50F72AE2C00400D4BD71 /* ProfileState.swift in Sources */,
				CA37A9192AE29C71008D0A4A /* DashboardState.swift in Sources */,
				CA7E50942AE2B18300D4BD71 /* SignInViewEvent.swift in Sources */,
				CA7E50872AE2B10700D4BD71 /* SignInCoordinator.swift in Sources */,
				CA37A8D82AE29A2A008D0A4A /* View+OnFirstAppear.swift in Sources */,
				CA37A8EC2AE29A2A008D0A4A /* SceneManifest.swift in Sources */,
				CA37A8FF2AE29A2A008D0A4A /* ViewControllerCoordinator.swift in Sources */,
				CA7E50E12AE2BED200D4BD71 /* StoriesCoordinatorEvent.swift in Sources */,
				CA7E509A2AE2B4C900D4BD71 /* SignInViewController.swift in Sources */,
				CA37A93D2AE2A26E008D0A4A /* DashboardCoordinator.swift in Sources */,
				CA7E50EB2AE2BF6A00D4BD71 /* StoriesView.swift in Sources */,
				CA7E50812AE2AA5A00D4BD71 /* main.swift in Sources */,
				CA7E50E32AE2BEE200D4BD71 /* ProfileCoordinatorEvent.swift in Sources */,
				CA37A8FE2AE29A2A008D0A4A /* EventEmitting.swift in Sources */,
				CA37A8FD2AE29A2A008D0A4A /* PropertyPublisher.swift in Sources */,
				CA37A9062AE29A2A008D0A4A /* PublishingStore.swift in Sources */,
				CA7E50DD2AE2BE3B00D4BD71 /* StoriesCoordinator.swift in Sources */,
				CA37A8DF2AE29A2A008D0A4A /* InitialSceneCoordinator.swift in Sources */,
				CA37A8D72AE29A2A008D0A4A /* Font+AppFonts.swift in Sources */,
				CA37A9172AE29C57008D0A4A /* DashboardAction.swift in Sources */,
				CA37A8EF2AE29A2A008D0A4A /* Configuration.swift in Sources */,
				CA37A8E62AE29A2A008D0A4A /* ActiveScene.swift in Sources */,
				CA7E50FD2AE2C05900D4BD71 /* ProfileViewData.swift in Sources */,
				CA7E50892AE2B13D00D4BD71 /* SignInCoordinatorEvent.swift in Sources */,
				CA37A8D22AE29A2A008D0A4A /* UIViewController+Toast.swift in Sources */,
				CA7E50E92AE2BF6500D4BD71 /* ProfileView.swift in Sources */,
				CA37A91D2AE29CEF008D0A4A /* DashboardViewData.swift in Sources */,
				CA37A8FA2AE29A2A008D0A4A /* ManagerRegistration.swift in Sources */,
				CA37A9002AE29A2A008D0A4A /* NavigationControllerCoordinator.swift in Sources */,
				CA7E51012AE2C07600D4BD71 /* ProfileViewEvent.swift in Sources */,
				CA37A9222AE29D43008D0A4A /* DashboardView.swift in Sources */,
				CA37A8DC2AE29A2A008D0A4A /* AppCoordinating.swift in Sources */,
				CA37A8DE2AE29A2A008D0A4A /* InitialSceneCoordinating.swift in Sources */,
				CA7E50F52AE2BFFD00D4BD71 /* ProfileAction.swift in Sources */,
				CA37A8DB2AE29A2A008D0A4A /* AppCoordinator.swift in Sources */,
				CA37A93F2AE2A2C3008D0A4A /* DashboardCoordinatorEvent.swift in Sources */,
				CA37A9022AE29A2A008D0A4A /* Coordinator.swift in Sources */,
				CA37A8E72AE29A2A008D0A4A /* LocalizedString.swift in Sources */,
				CA37A9012AE29A2A008D0A4A /* AppCoordinatorContaining.swift in Sources */,
				CA37A9202AE29D14008D0A4A /* DashboardViewEvent.swift in Sources */,
				CA37A8EE2AE29A2A008D0A4A /* SceneConfigurationsContainer.swift in Sources */,
				CA37A8642AE29099008D0A4A /* AppDelegate.swift in Sources */,
				CA7E50A22AE2B61B00D4BD71 /* StoryboardReference+StoreContaining.swift in Sources */,
				CA7E50DF2AE2BE4400D4BD71 /* ProfileCoordinator.swift in Sources */,
				CA37A8F92AE29A2A008D0A4A /* StoreRegistration.swift in Sources */,
				CA37A9382AE2A1B8008D0A4A /* MainTabBarViewController.swift in Sources */,
				CA7E50F12AE2BFDF00D4BD71 /* StoriesState.swift in Sources */,
				CA7E50EF2AE2BFD900D4BD71 /* StoriesAction.swift in Sources */,
				CA7E50902AE2B16B00D4BD71 /* SignInAction.swift in Sources */,
				CA37A91B2AE29C97008D0A4A /* DashboardStore.swift in Sources */,
				CA37A9352AE2A1B8008D0A4A /* MainTabBarCoordinatorEvent.swift in Sources */,
				CA7E50FF2AE2C06900D4BD71 /* StoriesViewEvent.swift in Sources */,
				CA37A8D42AE29A2A008D0A4A /* UISceneDelegate+AppCoordinator.swift in Sources */,
				CA7E508E2AE2B16400D4BD71 /* SignInState.swift in Sources */,
				CA37A93A2AE2A217008D0A4A /* TabBarControllerCoordinator.swift in Sources */,
				CA7E509E2AE2B59F00D4BD71 /* ReactiveViewController.swift in Sources */,
				CA37A8662AE29099008D0A4A /* SceneDelegate.swift in Sources */,
				CA7E50F92AE2C00A00D4BD71 /* ProfileStore.swift in Sources */,
				CA37A8ED2AE29A2A008D0A4A /* SceneConfiguration.swift in Sources */,
				CA37A8D52AE29A2A008D0A4A /* UIColor+AppColors.swift in Sources */,
				CA37A8D32AE29A2A008D0A4A /* Collection+SafeSubscript.swift in Sources */,
				CA37A8D62AE29A2A008D0A4A /* Color+AppColors.swift in Sources */,
				CA7E50922AE2B17B00D4BD71 /* SignInViewData.swift in Sources */,
				CA37A8D12AE29A2A008D0A4A /* UIFont+AppFonts.swift in Sources */,
				CA7E50F32AE2BFE600D4BD71 /* StoriesStore.swift in Sources */,
				CA37A9042AE29A2A008D0A4A /* Store.swift in Sources */,
				CA37A9032AE29A2A008D0A4A /* StoreState.swift in Sources */,
				CA37A8FB2AE29A2A008D0A4A /* ServiceRegistration.swift in Sources */,
				CA37A9372AE2A1B8008D0A4A /* MainTabBarViewEvent.swift in Sources */,
				CA37A9052AE29A2A008D0A4A /* StoreContaining.swift in Sources */,
			);
			runOnlyForDeploymentPostprocessing = 0;
		};
/* End PBXSourcesBuildPhase section */

/* Begin PBXVariantGroup section */
		CA37A86E2AE2909A008D0A4A /* LaunchScreen.storyboard */ = {
			isa = PBXVariantGroup;
			children = (
				CA37A86F2AE2909A008D0A4A /* Base */,
			);
			name = LaunchScreen.storyboard;
			sourceTree = "<group>";
		};
		CA37A92B2AE2A12F008D0A4A /* Localizable.strings */ = {
			isa = PBXVariantGroup;
			children = (
				CA37A92A2AE2A12F008D0A4A /* en */,
			);
			name = Localizable.strings;
			sourceTree = "<group>";
		};
/* End PBXVariantGroup section */

/* Begin XCBuildConfiguration section */
		CA37A8722AE2909A008D0A4A /* Debug */ = {
			isa = XCBuildConfiguration;
			baseConfigurationReference = CA37A9432AE2A333008D0A4A /* Development.xcconfig */;
			buildSettings = {
				ALWAYS_SEARCH_USER_PATHS = NO;
				ASSETCATALOG_COMPILER_GENERATE_SWIFT_ASSET_SYMBOL_EXTENSIONS = YES;
				CLANG_ANALYZER_NONNULL = YES;
				CLANG_ANALYZER_NUMBER_OBJECT_CONVERSION = YES_AGGRESSIVE;
				CLANG_CXX_LANGUAGE_STANDARD = "gnu++20";
				CLANG_ENABLE_MODULES = YES;
				CLANG_ENABLE_OBJC_ARC = YES;
				CLANG_ENABLE_OBJC_WEAK = YES;
				CLANG_WARN_BLOCK_CAPTURE_AUTORELEASING = YES;
				CLANG_WARN_BOOL_CONVERSION = YES;
				CLANG_WARN_COMMA = YES;
				CLANG_WARN_CONSTANT_CONVERSION = YES;
				CLANG_WARN_DEPRECATED_OBJC_IMPLEMENTATIONS = YES;
				CLANG_WARN_DIRECT_OBJC_ISA_USAGE = YES_ERROR;
				CLANG_WARN_DOCUMENTATION_COMMENTS = YES;
				CLANG_WARN_EMPTY_BODY = YES;
				CLANG_WARN_ENUM_CONVERSION = YES;
				CLANG_WARN_INFINITE_RECURSION = YES;
				CLANG_WARN_INT_CONVERSION = YES;
				CLANG_WARN_NON_LITERAL_NULL_CONVERSION = YES;
				CLANG_WARN_OBJC_IMPLICIT_RETAIN_SELF = YES;
				CLANG_WARN_OBJC_LITERAL_CONVERSION = YES;
				CLANG_WARN_OBJC_ROOT_CLASS = YES_ERROR;
				CLANG_WARN_QUOTED_INCLUDE_IN_FRAMEWORK_HEADER = YES;
				CLANG_WARN_RANGE_LOOP_ANALYSIS = YES;
				CLANG_WARN_STRICT_PROTOTYPES = YES;
				CLANG_WARN_SUSPICIOUS_MOVE = YES;
				CLANG_WARN_UNGUARDED_AVAILABILITY = YES_AGGRESSIVE;
				CLANG_WARN_UNREACHABLE_CODE = YES;
				CLANG_WARN__DUPLICATE_METHOD_MATCH = YES;
				COPY_PHASE_STRIP = NO;
				DEBUG_INFORMATION_FORMAT = dwarf;
				ENABLE_STRICT_OBJC_MSGSEND = YES;
				ENABLE_TESTABILITY = YES;
				ENABLE_USER_SCRIPT_SANDBOXING = NO;
				GCC_C_LANGUAGE_STANDARD = gnu17;
				GCC_DYNAMIC_NO_PIC = NO;
				GCC_NO_COMMON_BLOCKS = YES;
				GCC_OPTIMIZATION_LEVEL = 0;
				GCC_PREPROCESSOR_DEFINITIONS = (
					"DEBUG=1",
					"$(inherited)",
				);
				GCC_WARN_64_TO_32_BIT_CONVERSION = YES;
				GCC_WARN_ABOUT_RETURN_TYPE = YES_ERROR;
				GCC_WARN_UNDECLARED_SELECTOR = YES;
				GCC_WARN_UNINITIALIZED_AUTOS = YES_AGGRESSIVE;
				GCC_WARN_UNUSED_FUNCTION = YES;
				GCC_WARN_UNUSED_VARIABLE = YES;
				IPHONEOS_DEPLOYMENT_TARGET = 17.0;
				LOCALIZATION_PREFERS_STRING_CATALOGS = YES;
				MTL_ENABLE_DEBUG_INFO = INCLUDE_SOURCE;
				MTL_FAST_MATH = YES;
				ONLY_ACTIVE_ARCH = YES;
				SDKROOT = iphoneos;
				SWIFT_ACTIVE_COMPILATION_CONDITIONS = "DEBUG $(inherited)";
				SWIFT_OPTIMIZATION_LEVEL = "-Onone";
			};
			name = Debug;
		};
		CA37A8732AE2909A008D0A4A /* Release */ = {
			isa = XCBuildConfiguration;
			baseConfigurationReference = CA37A9432AE2A333008D0A4A /* Development.xcconfig */;
			buildSettings = {
				ALWAYS_SEARCH_USER_PATHS = NO;
				ASSETCATALOG_COMPILER_GENERATE_SWIFT_ASSET_SYMBOL_EXTENSIONS = YES;
				CLANG_ANALYZER_NONNULL = YES;
				CLANG_ANALYZER_NUMBER_OBJECT_CONVERSION = YES_AGGRESSIVE;
				CLANG_CXX_LANGUAGE_STANDARD = "gnu++20";
				CLANG_ENABLE_MODULES = YES;
				CLANG_ENABLE_OBJC_ARC = YES;
				CLANG_ENABLE_OBJC_WEAK = YES;
				CLANG_WARN_BLOCK_CAPTURE_AUTORELEASING = YES;
				CLANG_WARN_BOOL_CONVERSION = YES;
				CLANG_WARN_COMMA = YES;
				CLANG_WARN_CONSTANT_CONVERSION = YES;
				CLANG_WARN_DEPRECATED_OBJC_IMPLEMENTATIONS = YES;
				CLANG_WARN_DIRECT_OBJC_ISA_USAGE = YES_ERROR;
				CLANG_WARN_DOCUMENTATION_COMMENTS = YES;
				CLANG_WARN_EMPTY_BODY = YES;
				CLANG_WARN_ENUM_CONVERSION = YES;
				CLANG_WARN_INFINITE_RECURSION = YES;
				CLANG_WARN_INT_CONVERSION = YES;
				CLANG_WARN_NON_LITERAL_NULL_CONVERSION = YES;
				CLANG_WARN_OBJC_IMPLICIT_RETAIN_SELF = YES;
				CLANG_WARN_OBJC_LITERAL_CONVERSION = YES;
				CLANG_WARN_OBJC_ROOT_CLASS = YES_ERROR;
				CLANG_WARN_QUOTED_INCLUDE_IN_FRAMEWORK_HEADER = YES;
				CLANG_WARN_RANGE_LOOP_ANALYSIS = YES;
				CLANG_WARN_STRICT_PROTOTYPES = YES;
				CLANG_WARN_SUSPICIOUS_MOVE = YES;
				CLANG_WARN_UNGUARDED_AVAILABILITY = YES_AGGRESSIVE;
				CLANG_WARN_UNREACHABLE_CODE = YES;
				CLANG_WARN__DUPLICATE_METHOD_MATCH = YES;
				COPY_PHASE_STRIP = NO;
				DEBUG_INFORMATION_FORMAT = "dwarf-with-dsym";
				ENABLE_NS_ASSERTIONS = NO;
				ENABLE_STRICT_OBJC_MSGSEND = YES;
				ENABLE_USER_SCRIPT_SANDBOXING = NO;
				GCC_C_LANGUAGE_STANDARD = gnu17;
				GCC_NO_COMMON_BLOCKS = YES;
				GCC_WARN_64_TO_32_BIT_CONVERSION = YES;
				GCC_WARN_ABOUT_RETURN_TYPE = YES_ERROR;
				GCC_WARN_UNDECLARED_SELECTOR = YES;
				GCC_WARN_UNINITIALIZED_AUTOS = YES_AGGRESSIVE;
				GCC_WARN_UNUSED_FUNCTION = YES;
				GCC_WARN_UNUSED_VARIABLE = YES;
				IPHONEOS_DEPLOYMENT_TARGET = 17.0;
				LOCALIZATION_PREFERS_STRING_CATALOGS = YES;
				MTL_ENABLE_DEBUG_INFO = NO;
				MTL_FAST_MATH = YES;
				SDKROOT = iphoneos;
				SWIFT_COMPILATION_MODE = wholemodule;
				VALIDATE_PRODUCT = YES;
			};
			name = Release;
		};
		CA37A8752AE2909A008D0A4A /* Debug */ = {
			isa = XCBuildConfiguration;
			baseConfigurationReference = C3788AA75042DB866C7E1FA3 /* Pods-defaults-Metis.debug.xcconfig */;
			buildSettings = {
				ASSETCATALOG_COMPILER_APPICON_NAME = AppIcon;
				ASSETCATALOG_COMPILER_GLOBAL_ACCENT_COLOR_NAME = AccentColor;
				CODE_SIGN_STYLE = Automatic;
				CURRENT_PROJECT_VERSION = 1;
				DEVELOPMENT_TEAM = THNASY6U4C;
				GENERATE_INFOPLIST_FILE = YES;
				INFOPLIST_FILE = Metis/Info.plist;
				INFOPLIST_KEY_CFBundleDisplayName = "";
				INFOPLIST_KEY_NSPhotoLibraryAddUsageDescription = "To upload videos from your device, apply effects and download posts, allow access to your Photos.";
				INFOPLIST_KEY_NSPhotoLibraryUsageDescription = "To upload videos from your device, apply effects and download posts, allow access to your Photos.";
				INFOPLIST_KEY_UIApplicationSupportsIndirectInputEvents = YES;
				INFOPLIST_KEY_UILaunchStoryboardName = LaunchScreen;
				INFOPLIST_KEY_UIMainStoryboardFile = "";
				INFOPLIST_KEY_UIRequiredDeviceCapabilities = armv7;
				INFOPLIST_KEY_UISupportedInterfaceOrientations = "UIInterfaceOrientationPortrait UIInterfaceOrientationLandscapeLeft UIInterfaceOrientationLandscapeRight";
				INFOPLIST_KEY_UISupportedInterfaceOrientations_iPad = "UIInterfaceOrientationPortrait UIInterfaceOrientationPortraitUpsideDown UIInterfaceOrientationLandscapeLeft UIInterfaceOrientationLandscapeRight";
				INFOPLIST_KEY_UISupportedInterfaceOrientations_iPhone = "UIInterfaceOrientationPortrait UIInterfaceOrientationLandscapeLeft UIInterfaceOrientationLandscapeRight";
				INFOPLIST_KEY_UIUserInterfaceStyle = Light;
				LD_RUNPATH_SEARCH_PATHS = (
					"$(inherited)",
					"@executable_path/Frameworks",
				);
				MARKETING_VERSION = 1.0;
				PRODUCT_BUNDLE_IDENTIFIER = "com.metis-investment.app";
				PRODUCT_NAME = "$(TARGET_NAME)";
				SWIFT_EMIT_LOC_STRINGS = YES;
				SWIFT_VERSION = 5.0;
				TARGETED_DEVICE_FAMILY = "1,2";
			};
			name = Debug;
		};
		CA37A8762AE2909A008D0A4A /* Release */ = {
			isa = XCBuildConfiguration;
			baseConfigurationReference = 4CF301BBE3F8D887F512323C /* Pods-defaults-Metis.release.xcconfig */;
			buildSettings = {
				ASSETCATALOG_COMPILER_APPICON_NAME = AppIcon;
				ASSETCATALOG_COMPILER_GLOBAL_ACCENT_COLOR_NAME = AccentColor;
				CODE_SIGN_STYLE = Automatic;
				CURRENT_PROJECT_VERSION = 1;
				DEVELOPMENT_TEAM = THNASY6U4C;
				GENERATE_INFOPLIST_FILE = YES;
				INFOPLIST_FILE = Metis/Info.plist;
				INFOPLIST_KEY_CFBundleDisplayName = "";
				INFOPLIST_KEY_NSPhotoLibraryAddUsageDescription = "To upload videos from your device, apply effects and download posts, allow access to your Photos.";
				INFOPLIST_KEY_NSPhotoLibraryUsageDescription = "To upload videos from your device, apply effects and download posts, allow access to your Photos.";
				INFOPLIST_KEY_UIApplicationSupportsIndirectInputEvents = YES;
				INFOPLIST_KEY_UILaunchStoryboardName = LaunchScreen;
				INFOPLIST_KEY_UIMainStoryboardFile = "";
				INFOPLIST_KEY_UIRequiredDeviceCapabilities = armv7;
				INFOPLIST_KEY_UISupportedInterfaceOrientations = "UIInterfaceOrientationPortrait UIInterfaceOrientationLandscapeLeft UIInterfaceOrientationLandscapeRight";
				INFOPLIST_KEY_UISupportedInterfaceOrientations_iPad = "UIInterfaceOrientationPortrait UIInterfaceOrientationPortraitUpsideDown UIInterfaceOrientationLandscapeLeft UIInterfaceOrientationLandscapeRight";
				INFOPLIST_KEY_UISupportedInterfaceOrientations_iPhone = "UIInterfaceOrientationPortrait UIInterfaceOrientationLandscapeLeft UIInterfaceOrientationLandscapeRight";
				INFOPLIST_KEY_UIUserInterfaceStyle = Light;
				LD_RUNPATH_SEARCH_PATHS = (
					"$(inherited)",
					"@executable_path/Frameworks",
				);
				MARKETING_VERSION = 1.0;
				PRODUCT_BUNDLE_IDENTIFIER = "com.metis-investment.app";
				PRODUCT_NAME = "$(TARGET_NAME)";
				SWIFT_EMIT_LOC_STRINGS = YES;
				SWIFT_VERSION = 5.0;
				TARGETED_DEVICE_FAMILY = "1,2";
			};
			name = Release;
		};
/* End XCBuildConfiguration section */

/* Begin XCConfigurationList section */
		CA37A85B2AE29099008D0A4A /* Build configuration list for PBXProject "Metis" */ = {
			isa = XCConfigurationList;
			buildConfigurations = (
				CA37A8722AE2909A008D0A4A /* Debug */,
				CA37A8732AE2909A008D0A4A /* Release */,
			);
			defaultConfigurationIsVisible = 0;
			defaultConfigurationName = Release;
		};
		CA37A8742AE2909A008D0A4A /* Build configuration list for PBXNativeTarget "Metis" */ = {
			isa = XCConfigurationList;
			buildConfigurations = (
				CA37A8752AE2909A008D0A4A /* Debug */,
				CA37A8762AE2909A008D0A4A /* Release */,
			);
			defaultConfigurationIsVisible = 0;
			defaultConfigurationName = Release;
		};
/* End XCConfigurationList section */

/* Begin XCRemoteSwiftPackageReference section */
		CA37A9072AE29BB9008D0A4A /* XCRemoteSwiftPackageReference "ios-dependency-injection" */ = {
			isa = XCRemoteSwiftPackageReference;
			repositoryURL = "git@github.com:strvcom/ios-dependency-injection.git";
			requirement = {
				kind = upToNextMajorVersion;
				minimumVersion = 1.0.3;
			};
		};
		CA37A90A2AE29BC9008D0A4A /* XCRemoteSwiftPackageReference "ios-networking" */ = {
			isa = XCRemoteSwiftPackageReference;
			repositoryURL = "https://github.com/strvcom/ios-networking";
			requirement = {
				kind = upToNextMajorVersion;
				minimumVersion = 0.0.4;
			};
		};
		CA37A90D2AE29BD3008D0A4A /* XCRemoteSwiftPackageReference "Kingfisher" */ = {
			isa = XCRemoteSwiftPackageReference;
			repositoryURL = "https://github.com/onevcat/Kingfisher";
			requirement = {
				kind = upToNextMajorVersion;
				minimumVersion = 7.9.1;
			};
		};
		CA37A9532AE2A5C9008D0A4A /* XCRemoteSwiftPackageReference "GoogleSignIn-iOS" */ = {
			isa = XCRemoteSwiftPackageReference;
			repositoryURL = "https://github.com/google/GoogleSignIn-iOS";
			requirement = {
				kind = upToNextMajorVersion;
				minimumVersion = 7.0.0;
			};
		};
		CA37A9582AE2A60D008D0A4A /* XCRemoteSwiftPackageReference "CombineExt" */ = {
			isa = XCRemoteSwiftPackageReference;
			repositoryURL = "https://github.com/CombineCommunity/CombineExt";
			requirement = {
				kind = upToNextMajorVersion;
				minimumVersion = 1.8.1;
			};
		};
		CA7E50A32AE2B82800D4BD71 /* XCRemoteSwiftPackageReference "firebase-ios-sdk" */ = {
			isa = XCRemoteSwiftPackageReference;
			repositoryURL = "https://github.com/firebase/firebase-ios-sdk";
			requirement = {
				kind = upToNextMajorVersion;
				minimumVersion = 10.16.0;
			};
		};
		CA9EB11C2AE3D66300E300D7 /* XCRemoteSwiftPackageReference "ChartView" */ = {
			isa = XCRemoteSwiftPackageReference;
			repositoryURL = "https://github.com/AppPear/ChartView";
			requirement = {
				kind = upToNextMajorVersion;
				minimumVersion = 1.5.5;
			};
		};
/* End XCRemoteSwiftPackageReference section */

/* Begin XCSwiftPackageProductDependency section */
		CA37A9082AE29BB9008D0A4A /* DependencyInjection */ = {
			isa = XCSwiftPackageProductDependency;
			package = CA37A9072AE29BB9008D0A4A /* XCRemoteSwiftPackageReference "ios-dependency-injection" */;
			productName = DependencyInjection;
		};
		CA37A90B2AE29BC9008D0A4A /* Networking */ = {
			isa = XCSwiftPackageProductDependency;
			package = CA37A90A2AE29BC9008D0A4A /* XCRemoteSwiftPackageReference "ios-networking" */;
			productName = Networking;
		};
		CA37A90E2AE29BD3008D0A4A /* Kingfisher */ = {
			isa = XCSwiftPackageProductDependency;
			package = CA37A90D2AE29BD3008D0A4A /* XCRemoteSwiftPackageReference "Kingfisher" */;
			productName = Kingfisher;
		};
		CA37A9542AE2A5C9008D0A4A /* GoogleSignIn */ = {
			isa = XCSwiftPackageProductDependency;
			package = CA37A9532AE2A5C9008D0A4A /* XCRemoteSwiftPackageReference "GoogleSignIn-iOS" */;
			productName = GoogleSignIn;
		};
		CA37A9562AE2A5C9008D0A4A /* GoogleSignInSwift */ = {
			isa = XCSwiftPackageProductDependency;
			package = CA37A9532AE2A5C9008D0A4A /* XCRemoteSwiftPackageReference "GoogleSignIn-iOS" */;
			productName = GoogleSignInSwift;
		};
		CA37A9592AE2A60D008D0A4A /* CombineExt */ = {
			isa = XCSwiftPackageProductDependency;
			package = CA37A9582AE2A60D008D0A4A /* XCRemoteSwiftPackageReference "CombineExt" */;
			productName = CombineExt;
		};
		CA7E50A42AE2B82900D4BD71 /* FirebaseAnalytics */ = {
			isa = XCSwiftPackageProductDependency;
			package = CA7E50A32AE2B82800D4BD71 /* XCRemoteSwiftPackageReference "firebase-ios-sdk" */;
			productName = FirebaseAnalytics;
		};
		CA7E50A62AE2B82900D4BD71 /* FirebaseAnalyticsOnDeviceConversion */ = {
			isa = XCSwiftPackageProductDependency;
			package = CA7E50A32AE2B82800D4BD71 /* XCRemoteSwiftPackageReference "firebase-ios-sdk" */;
			productName = FirebaseAnalyticsOnDeviceConversion;
		};
		CA7E50A82AE2B82900D4BD71 /* FirebaseAnalyticsSwift */ = {
			isa = XCSwiftPackageProductDependency;
			package = CA7E50A32AE2B82800D4BD71 /* XCRemoteSwiftPackageReference "firebase-ios-sdk" */;
			productName = FirebaseAnalyticsSwift;
		};
		CA7E50AA2AE2B82900D4BD71 /* FirebaseAnalyticsWithoutAdIdSupport */ = {
			isa = XCSwiftPackageProductDependency;
			package = CA7E50A32AE2B82800D4BD71 /* XCRemoteSwiftPackageReference "firebase-ios-sdk" */;
			productName = FirebaseAnalyticsWithoutAdIdSupport;
		};
		CA7E50AC2AE2B82900D4BD71 /* FirebaseAppCheck */ = {
			isa = XCSwiftPackageProductDependency;
			package = CA7E50A32AE2B82800D4BD71 /* XCRemoteSwiftPackageReference "firebase-ios-sdk" */;
			productName = FirebaseAppCheck;
		};
		CA7E50AE2AE2B82900D4BD71 /* FirebaseAppDistribution-Beta */ = {
			isa = XCSwiftPackageProductDependency;
			package = CA7E50A32AE2B82800D4BD71 /* XCRemoteSwiftPackageReference "firebase-ios-sdk" */;
			productName = "FirebaseAppDistribution-Beta";
		};
		CA7E50B02AE2B82900D4BD71 /* FirebaseAuth */ = {
			isa = XCSwiftPackageProductDependency;
			package = CA7E50A32AE2B82800D4BD71 /* XCRemoteSwiftPackageReference "firebase-ios-sdk" */;
			productName = FirebaseAuth;
		};
		CA7E50B22AE2B82900D4BD71 /* FirebaseAuthCombine-Community */ = {
			isa = XCSwiftPackageProductDependency;
			package = CA7E50A32AE2B82800D4BD71 /* XCRemoteSwiftPackageReference "firebase-ios-sdk" */;
			productName = "FirebaseAuthCombine-Community";
		};
		CA7E50B42AE2B82900D4BD71 /* FirebaseCrashlytics */ = {
			isa = XCSwiftPackageProductDependency;
			package = CA7E50A32AE2B82800D4BD71 /* XCRemoteSwiftPackageReference "firebase-ios-sdk" */;
			productName = FirebaseCrashlytics;
		};
		CA7E50B62AE2B82900D4BD71 /* FirebaseDatabase */ = {
			isa = XCSwiftPackageProductDependency;
			package = CA7E50A32AE2B82800D4BD71 /* XCRemoteSwiftPackageReference "firebase-ios-sdk" */;
			productName = FirebaseDatabase;
		};
		CA7E50B82AE2B82900D4BD71 /* FirebaseDatabaseSwift */ = {
			isa = XCSwiftPackageProductDependency;
			package = CA7E50A32AE2B82800D4BD71 /* XCRemoteSwiftPackageReference "firebase-ios-sdk" */;
			productName = FirebaseDatabaseSwift;
		};
		CA7E50BA2AE2B82900D4BD71 /* FirebaseDynamicLinks */ = {
			isa = XCSwiftPackageProductDependency;
			package = CA7E50A32AE2B82800D4BD71 /* XCRemoteSwiftPackageReference "firebase-ios-sdk" */;
			productName = FirebaseDynamicLinks;
		};
		CA7E50BC2AE2B82900D4BD71 /* FirebaseFirestore */ = {
			isa = XCSwiftPackageProductDependency;
			package = CA7E50A32AE2B82800D4BD71 /* XCRemoteSwiftPackageReference "firebase-ios-sdk" */;
			productName = FirebaseFirestore;
		};
		CA7E50BE2AE2B82900D4BD71 /* FirebaseFirestoreCombine-Community */ = {
			isa = XCSwiftPackageProductDependency;
			package = CA7E50A32AE2B82800D4BD71 /* XCRemoteSwiftPackageReference "firebase-ios-sdk" */;
			productName = "FirebaseFirestoreCombine-Community";
		};
		CA7E50C02AE2B82900D4BD71 /* FirebaseFirestoreSwift */ = {
			isa = XCSwiftPackageProductDependency;
			package = CA7E50A32AE2B82800D4BD71 /* XCRemoteSwiftPackageReference "firebase-ios-sdk" */;
			productName = FirebaseFirestoreSwift;
		};
		CA7E50C22AE2B82900D4BD71 /* FirebaseFunctions */ = {
			isa = XCSwiftPackageProductDependency;
			package = CA7E50A32AE2B82800D4BD71 /* XCRemoteSwiftPackageReference "firebase-ios-sdk" */;
			productName = FirebaseFunctions;
		};
		CA7E50C42AE2B82900D4BD71 /* FirebaseFunctionsCombine-Community */ = {
			isa = XCSwiftPackageProductDependency;
			package = CA7E50A32AE2B82800D4BD71 /* XCRemoteSwiftPackageReference "firebase-ios-sdk" */;
			productName = "FirebaseFunctionsCombine-Community";
		};
		CA7E50C62AE2B82900D4BD71 /* FirebaseInAppMessaging-Beta */ = {
			isa = XCSwiftPackageProductDependency;
			package = CA7E50A32AE2B82800D4BD71 /* XCRemoteSwiftPackageReference "firebase-ios-sdk" */;
			productName = "FirebaseInAppMessaging-Beta";
		};
		CA7E50C82AE2B82900D4BD71 /* FirebaseInAppMessagingSwift-Beta */ = {
			isa = XCSwiftPackageProductDependency;
			package = CA7E50A32AE2B82800D4BD71 /* XCRemoteSwiftPackageReference "firebase-ios-sdk" */;
			productName = "FirebaseInAppMessagingSwift-Beta";
		};
		CA7E50CA2AE2B82900D4BD71 /* FirebaseInstallations */ = {
			isa = XCSwiftPackageProductDependency;
			package = CA7E50A32AE2B82800D4BD71 /* XCRemoteSwiftPackageReference "firebase-ios-sdk" */;
			productName = FirebaseInstallations;
		};
		CA7E50CC2AE2B82900D4BD71 /* FirebaseMLModelDownloader */ = {
			isa = XCSwiftPackageProductDependency;
			package = CA7E50A32AE2B82800D4BD71 /* XCRemoteSwiftPackageReference "firebase-ios-sdk" */;
			productName = FirebaseMLModelDownloader;
		};
		CA7E50CE2AE2B82900D4BD71 /* FirebaseMessaging */ = {
			isa = XCSwiftPackageProductDependency;
			package = CA7E50A32AE2B82800D4BD71 /* XCRemoteSwiftPackageReference "firebase-ios-sdk" */;
			productName = FirebaseMessaging;
		};
		CA7E50D02AE2B82900D4BD71 /* FirebasePerformance */ = {
			isa = XCSwiftPackageProductDependency;
			package = CA7E50A32AE2B82800D4BD71 /* XCRemoteSwiftPackageReference "firebase-ios-sdk" */;
			productName = FirebasePerformance;
		};
		CA7E50D22AE2B82900D4BD71 /* FirebaseRemoteConfig */ = {
			isa = XCSwiftPackageProductDependency;
			package = CA7E50A32AE2B82800D4BD71 /* XCRemoteSwiftPackageReference "firebase-ios-sdk" */;
			productName = FirebaseRemoteConfig;
		};
		CA7E50D42AE2B82900D4BD71 /* FirebaseRemoteConfigSwift */ = {
			isa = XCSwiftPackageProductDependency;
			package = CA7E50A32AE2B82800D4BD71 /* XCRemoteSwiftPackageReference "firebase-ios-sdk" */;
			productName = FirebaseRemoteConfigSwift;
		};
		CA7E50D62AE2B82900D4BD71 /* FirebaseStorage */ = {
			isa = XCSwiftPackageProductDependency;
			package = CA7E50A32AE2B82800D4BD71 /* XCRemoteSwiftPackageReference "firebase-ios-sdk" */;
			productName = FirebaseStorage;
		};
		CA7E50D82AE2B82900D4BD71 /* FirebaseStorageCombine-Community */ = {
			isa = XCSwiftPackageProductDependency;
			package = CA7E50A32AE2B82800D4BD71 /* XCRemoteSwiftPackageReference "firebase-ios-sdk" */;
			productName = "FirebaseStorageCombine-Community";
		};
		CA9EB11D2AE3D66300E300D7 /* SwiftUICharts */ = {
			isa = XCSwiftPackageProductDependency;
			package = CA9EB11C2AE3D66300E300D7 /* XCRemoteSwiftPackageReference "ChartView" */;
			productName = SwiftUICharts;
		};
/* End XCSwiftPackageProductDependency section */
	};
	rootObject = CA37A8582AE29099008D0A4A /* Project object */;
}
