// !$*UTF8*$!
{
	archiveVersion = 1;
	classes = {
	};
	objectVersion = 56;
	objects = {

/* Begin PBXBuildFile section */
		CA37A8642AE29099008D0A4A /* AppDelegate.swift in Sources */ = {isa = PBXBuildFile; fileRef = CA37A8632AE29099008D0A4A /* AppDelegate.swift */; };
		CA37A8662AE29099008D0A4A /* SceneDelegate.swift in Sources */ = {isa = PBXBuildFile; fileRef = CA37A8652AE29099008D0A4A /* SceneDelegate.swift */; };
		CA37A8682AE29099008D0A4A /* ViewController.swift in Sources */ = {isa = PBXBuildFile; fileRef = CA37A8672AE29099008D0A4A /* ViewController.swift */; };
		CA37A86B2AE29099008D0A4A /* Main.storyboard in Resources */ = {isa = PBXBuildFile; fileRef = CA37A8692AE29099008D0A4A /* Main.storyboard */; };
		CA37A86D2AE2909A008D0A4A /* Assets.xcassets in Resources */ = {isa = PBXBuildFile; fileRef = CA37A86C2AE2909A008D0A4A /* Assets.xcassets */; };
		CA37A8702AE2909A008D0A4A /* LaunchScreen.storyboard in Resources */ = {isa = PBXBuildFile; fileRef = CA37A86E2AE2909A008D0A4A /* LaunchScreen.storyboard */; };
		E12D44B45D13500945E194CF /* Pods_defaults_Metis.framework in Frameworks */ = {isa = PBXBuildFile; fileRef = 43A8B312CE9A34E1D68F53AB /* Pods_defaults_Metis.framework */; };
/* End PBXBuildFile section */

/* Begin PBXFileReference section */
		43A8B312CE9A34E1D68F53AB /* Pods_defaults_Metis.framework */ = {isa = PBXFileReference; explicitFileType = wrapper.framework; includeInIndex = 0; path = Pods_defaults_Metis.framework; sourceTree = BUILT_PRODUCTS_DIR; };
		4CF301BBE3F8D887F512323C /* Pods-defaults-Metis.release.xcconfig */ = {isa = PBXFileReference; includeInIndex = 1; lastKnownFileType = text.xcconfig; name = "Pods-defaults-Metis.release.xcconfig"; path = "Target Support Files/Pods-defaults-Metis/Pods-defaults-Metis.release.xcconfig"; sourceTree = "<group>"; };
		C3788AA75042DB866C7E1FA3 /* Pods-defaults-Metis.debug.xcconfig */ = {isa = PBXFileReference; includeInIndex = 1; lastKnownFileType = text.xcconfig; name = "Pods-defaults-Metis.debug.xcconfig"; path = "Target Support Files/Pods-defaults-Metis/Pods-defaults-Metis.debug.xcconfig"; sourceTree = "<group>"; };
		CA37A8602AE29099008D0A4A /* Metis.app */ = {isa = PBXFileReference; explicitFileType = wrapper.application; includeInIndex = 0; path = Metis.app; sourceTree = BUILT_PRODUCTS_DIR; };
		CA37A8632AE29099008D0A4A /* AppDelegate.swift */ = {isa = PBXFileReference; lastKnownFileType = sourcecode.swift; path = AppDelegate.swift; sourceTree = "<group>"; };
		CA37A8652AE29099008D0A4A /* SceneDelegate.swift */ = {isa = PBXFileReference; lastKnownFileType = sourcecode.swift; path = SceneDelegate.swift; sourceTree = "<group>"; };
		CA37A8672AE29099008D0A4A /* ViewController.swift */ = {isa = PBXFileReference; lastKnownFileType = sourcecode.swift; path = ViewController.swift; sourceTree = "<group>"; };
		CA37A86A2AE29099008D0A4A /* Base */ = {isa = PBXFileReference; lastKnownFileType = file.storyboard; name = Base; path = Base.lproj/Main.storyboard; sourceTree = "<group>"; };
		CA37A86C2AE2909A008D0A4A /* Assets.xcassets */ = {isa = PBXFileReference; lastKnownFileType = folder.assetcatalog; path = Assets.xcassets; sourceTree = "<group>"; };
		CA37A86F2AE2909A008D0A4A /* Base */ = {isa = PBXFileReference; lastKnownFileType = file.storyboard; name = Base; path = Base.lproj/LaunchScreen.storyboard; sourceTree = "<group>"; };
		CA37A8712AE2909A008D0A4A /* Info.plist */ = {isa = PBXFileReference; lastKnownFileType = text.plist.xml; path = Info.plist; sourceTree = "<group>"; };
/* End PBXFileReference section */

/* Begin PBXFrameworksBuildPhase section */
		CA37A85D2AE29099008D0A4A /* Frameworks */ = {
			isa = PBXFrameworksBuildPhase;
			buildActionMask = 2147483647;
			files = (
				E12D44B45D13500945E194CF /* Pods_defaults_Metis.framework in Frameworks */,
			);
			runOnlyForDeploymentPostprocessing = 0;
		};
/* End PBXFrameworksBuildPhase section */

/* Begin PBXGroup section */
		6EC3DEA2C0606263CD2EF0CA /* Pods */ = {
			isa = PBXGroup;
			children = (
				C3788AA75042DB866C7E1FA3 /* Pods-defaults-Metis.debug.xcconfig */,
				4CF301BBE3F8D887F512323C /* Pods-defaults-Metis.release.xcconfig */,
			);
			path = Pods;
			sourceTree = "<group>";
		};
		CA37A8572AE29099008D0A4A = {
			isa = PBXGroup;
			children = (
				CA37A8622AE29099008D0A4A /* Metis */,
				CA37A8612AE29099008D0A4A /* Products */,
				6EC3DEA2C0606263CD2EF0CA /* Pods */,
				E93355D58DF84B2AC796322A /* Frameworks */,
			);
			sourceTree = "<group>";
		};
		CA37A8612AE29099008D0A4A /* Products */ = {
			isa = PBXGroup;
			children = (
				CA37A8602AE29099008D0A4A /* Metis.app */,
			);
			name = Products;
			sourceTree = "<group>";
		};
		CA37A8622AE29099008D0A4A /* Metis */ = {
			isa = PBXGroup;
			children = (
				CA37A8772AE29911008D0A4A /* Application */,
				CA37A8782AE29916008D0A4A /* Common */,
				CA37A8792AE2991B008D0A4A /* Scene */,
				CA37A8672AE29099008D0A4A /* ViewController.swift */,
				CA37A8692AE29099008D0A4A /* Main.storyboard */,
				CA37A86E2AE2909A008D0A4A /* LaunchScreen.storyboard */,
			);
			path = Metis;
			sourceTree = "<group>";
		};
		CA37A8772AE29911008D0A4A /* Application */ = {
			isa = PBXGroup;
			children = (
				CA37A87B2AE2993D008D0A4A /* Resources */,
				CA37A8712AE2909A008D0A4A /* Info.plist */,
				CA37A8632AE29099008D0A4A /* AppDelegate.swift */,
				CA37A8652AE29099008D0A4A /* SceneDelegate.swift */,
			);
			path = Application;
			sourceTree = "<group>";
		};
		CA37A8782AE29916008D0A4A /* Common */ = {
			isa = PBXGroup;
			children = (
			);
			path = Common;
			sourceTree = "<group>";
		};
		CA37A8792AE2991B008D0A4A /* Scene */ = {
			isa = PBXGroup;
			children = (
			);
			path = Scene;
			sourceTree = "<group>";
		};
		CA37A87B2AE2993D008D0A4A /* Resources */ = {
			isa = PBXGroup;
			children = (
				CA37A86C2AE2909A008D0A4A /* Assets.xcassets */,
			);
			path = Resources;
			sourceTree = "<group>";
		};
		E93355D58DF84B2AC796322A /* Frameworks */ = {
			isa = PBXGroup;
			children = (
				43A8B312CE9A34E1D68F53AB /* Pods_defaults_Metis.framework */,
			);
			name = Frameworks;
			sourceTree = "<group>";
		};
/* End PBXGroup section */

/* Begin PBXNativeTarget section */
		CA37A85F2AE29099008D0A4A /* Metis */ = {
			isa = PBXNativeTarget;
			buildConfigurationList = CA37A8742AE2909A008D0A4A /* Build configuration list for PBXNativeTarget "Metis" */;
			buildPhases = (
				7158A6C83AC91727E5579CC8 /* [CP] Check Pods Manifest.lock */,
				CA37A87C2AE2996C008D0A4A /* R.generate */,
				CA37A85C2AE29099008D0A4A /* Sources */,
				CA37A85D2AE29099008D0A4A /* Frameworks */,
				CA37A85E2AE29099008D0A4A /* Resources */,
				CA37A87D2AE2998C008D0A4A /* SwiftFormat */,
				CA37A87E2AE2999E008D0A4A /* Swiftlint */,
				A031DCBD3D17F46E3C5B15AF /* [CP] Embed Pods Frameworks */,
			);
			buildRules = (
			);
			dependencies = (
			);
			name = Metis;
			productName = Metis;
			productReference = CA37A8602AE29099008D0A4A /* Metis.app */;
			productType = "com.apple.product-type.application";
		};
/* End PBXNativeTarget section */

/* Begin PBXProject section */
		CA37A8582AE29099008D0A4A /* Project object */ = {
			isa = PBXProject;
			attributes = {
				BuildIndependentTargetsInParallel = 1;
				LastSwiftUpdateCheck = 1500;
				LastUpgradeCheck = 1500;
				TargetAttributes = {
					CA37A85F2AE29099008D0A4A = {
						CreatedOnToolsVersion = 15.0.1;
					};
				};
			};
			buildConfigurationList = CA37A85B2AE29099008D0A4A /* Build configuration list for PBXProject "Metis" */;
			compatibilityVersion = "Xcode 14.0";
			developmentRegion = en;
			hasScannedForEncodings = 0;
			knownRegions = (
				en,
				Base,
			);
			mainGroup = CA37A8572AE29099008D0A4A;
			productRefGroup = CA37A8612AE29099008D0A4A /* Products */;
			projectDirPath = "";
			projectRoot = "";
			targets = (
				CA37A85F2AE29099008D0A4A /* Metis */,
			);
		};
/* End PBXProject section */

/* Begin PBXResourcesBuildPhase section */
		CA37A85E2AE29099008D0A4A /* Resources */ = {
			isa = PBXResourcesBuildPhase;
			buildActionMask = 2147483647;
			files = (
				CA37A8702AE2909A008D0A4A /* LaunchScreen.storyboard in Resources */,
				CA37A86D2AE2909A008D0A4A /* Assets.xcassets in Resources */,
				CA37A86B2AE29099008D0A4A /* Main.storyboard in Resources */,
			);
			runOnlyForDeploymentPostprocessing = 0;
		};
/* End PBXResourcesBuildPhase section */

/* Begin PBXShellScriptBuildPhase section */
		7158A6C83AC91727E5579CC8 /* [CP] Check Pods Manifest.lock */ = {
			isa = PBXShellScriptBuildPhase;
			buildActionMask = 2147483647;
			files = (
			);
			inputFileListPaths = (
			);
			inputPaths = (
				"${PODS_PODFILE_DIR_PATH}/Podfile.lock",
				"${PODS_ROOT}/Manifest.lock",
			);
			name = "[CP] Check Pods Manifest.lock";
			outputFileListPaths = (
			);
			outputPaths = (
				"$(DERIVED_FILE_DIR)/Pods-defaults-Metis-checkManifestLockResult.txt",
			);
			runOnlyForDeploymentPostprocessing = 0;
			shellPath = /bin/sh;
			shellScript = "diff \"${PODS_PODFILE_DIR_PATH}/Podfile.lock\" \"${PODS_ROOT}/Manifest.lock\" > /dev/null\nif [ $? != 0 ] ; then\n    # print error to STDERR\n    echo \"error: The sandbox is not in sync with the Podfile.lock. Run 'pod install' or update your CocoaPods installation.\" >&2\n    exit 1\nfi\n# This output is used by Xcode 'outputs' to avoid re-running this script phase.\necho \"SUCCESS\" > \"${SCRIPT_OUTPUT_FILE_0}\"\n";
			showEnvVarsInLog = 0;
		};
		A031DCBD3D17F46E3C5B15AF /* [CP] Embed Pods Frameworks */ = {
			isa = PBXShellScriptBuildPhase;
			buildActionMask = 2147483647;
			files = (
			);
			inputFileListPaths = (
				"${PODS_ROOT}/Target Support Files/Pods-defaults-Metis/Pods-defaults-Metis-frameworks-${CONFIGURATION}-input-files.xcfilelist",
			);
			name = "[CP] Embed Pods Frameworks";
			outputFileListPaths = (
				"${PODS_ROOT}/Target Support Files/Pods-defaults-Metis/Pods-defaults-Metis-frameworks-${CONFIGURATION}-output-files.xcfilelist",
			);
			runOnlyForDeploymentPostprocessing = 0;
			shellPath = /bin/sh;
			shellScript = "\"${PODS_ROOT}/Target Support Files/Pods-defaults-Metis/Pods-defaults-Metis-frameworks.sh\"\n";
			showEnvVarsInLog = 0;
		};
		CA37A87C2AE2996C008D0A4A /* R.generate */ = {
			isa = PBXShellScriptBuildPhase;
			alwaysOutOfDate = 1;
			buildActionMask = 2147483647;
			files = (
			);
			inputFileListPaths = (
			);
			inputPaths = (
			);
			name = R.generate;
			outputFileListPaths = (
			);
			outputPaths = (
			);
			runOnlyForDeploymentPostprocessing = 0;
			shellPath = /bin/sh;
			shellScript = "\"$PODS_ROOT/R.swift/rswift\" generate \"$SRCROOT/R.generated.swift\"\n";
		};
		CA37A87D2AE2998C008D0A4A /* SwiftFormat */ = {
			isa = PBXShellScriptBuildPhase;
			alwaysOutOfDate = 1;
			buildActionMask = 2147483647;
			files = (
			);
			inputFileListPaths = (
			);
			inputPaths = (
			);
			name = SwiftFormat;
			outputFileListPaths = (
			);
			outputPaths = (
			);
			runOnlyForDeploymentPostprocessing = 0;
			shellPath = /bin/sh;
			shellScript = "\"${PODS_ROOT}/SwiftFormat/CommandLineTool/swiftformat\" \"$SRCROOT\"\n";
		};
		CA37A87E2AE2999E008D0A4A /* Swiftlint */ = {
			isa = PBXShellScriptBuildPhase;
			alwaysOutOfDate = 1;
			buildActionMask = 2147483647;
			files = (
			);
			inputFileListPaths = (
			);
			inputPaths = (
			);
			name = Swiftlint;
			outputFileListPaths = (
			);
			outputPaths = (
			);
			runOnlyForDeploymentPostprocessing = 0;
			shellPath = /bin/sh;
			shellScript = "podSwiftlint=\"${PODS_ROOT}/SwiftLint/swiftlint\"\n\nif [ -f \"$podSwiftlint\" ]; then\n    $podSwiftlint\nelse\n    echo \"'warning: Cannot find SwiftLint in the expected Cocoapods location.\"\nfi\n";
		};
/* End PBXShellScriptBuildPhase section */

/* Begin PBXSourcesBuildPhase section */
		CA37A85C2AE29099008D0A4A /* Sources */ = {
			isa = PBXSourcesBuildPhase;
			buildActionMask = 2147483647;
			files = (
				CA37A8682AE29099008D0A4A /* ViewController.swift in Sources */,
				CA37A8642AE29099008D0A4A /* AppDelegate.swift in Sources */,
				CA37A8662AE29099008D0A4A /* SceneDelegate.swift in Sources */,
			);
			runOnlyForDeploymentPostprocessing = 0;
		};
/* End PBXSourcesBuildPhase section */

/* Begin PBXVariantGroup section */
		CA37A8692AE29099008D0A4A /* Main.storyboard */ = {
			isa = PBXVariantGroup;
			children = (
				CA37A86A2AE29099008D0A4A /* Base */,
			);
			name = Main.storyboard;
			sourceTree = "<group>";
		};
		CA37A86E2AE2909A008D0A4A /* LaunchScreen.storyboard */ = {
			isa = PBXVariantGroup;
			children = (
				CA37A86F2AE2909A008D0A4A /* Base */,
			);
			name = LaunchScreen.storyboard;
			sourceTree = "<group>";
		};
/* End PBXVariantGroup section */

/* Begin XCBuildConfiguration section */
		CA37A8722AE2909A008D0A4A /* Debug */ = {
			isa = XCBuildConfiguration;
			buildSettings = {
				ALWAYS_SEARCH_USER_PATHS = NO;
				ASSETCATALOG_COMPILER_GENERATE_SWIFT_ASSET_SYMBOL_EXTENSIONS = YES;
				CLANG_ANALYZER_NONNULL = YES;
				CLANG_ANALYZER_NUMBER_OBJECT_CONVERSION = YES_AGGRESSIVE;
				CLANG_CXX_LANGUAGE_STANDARD = "gnu++20";
				CLANG_ENABLE_MODULES = YES;
				CLANG_ENABLE_OBJC_ARC = YES;
				CLANG_ENABLE_OBJC_WEAK = YES;
				CLANG_WARN_BLOCK_CAPTURE_AUTORELEASING = YES;
				CLANG_WARN_BOOL_CONVERSION = YES;
				CLANG_WARN_COMMA = YES;
				CLANG_WARN_CONSTANT_CONVERSION = YES;
				CLANG_WARN_DEPRECATED_OBJC_IMPLEMENTATIONS = YES;
				CLANG_WARN_DIRECT_OBJC_ISA_USAGE = YES_ERROR;
				CLANG_WARN_DOCUMENTATION_COMMENTS = YES;
				CLANG_WARN_EMPTY_BODY = YES;
				CLANG_WARN_ENUM_CONVERSION = YES;
				CLANG_WARN_INFINITE_RECURSION = YES;
				CLANG_WARN_INT_CONVERSION = YES;
				CLANG_WARN_NON_LITERAL_NULL_CONVERSION = YES;
				CLANG_WARN_OBJC_IMPLICIT_RETAIN_SELF = YES;
				CLANG_WARN_OBJC_LITERAL_CONVERSION = YES;
				CLANG_WARN_OBJC_ROOT_CLASS = YES_ERROR;
				CLANG_WARN_QUOTED_INCLUDE_IN_FRAMEWORK_HEADER = YES;
				CLANG_WARN_RANGE_LOOP_ANALYSIS = YES;
				CLANG_WARN_STRICT_PROTOTYPES = YES;
				CLANG_WARN_SUSPICIOUS_MOVE = YES;
				CLANG_WARN_UNGUARDED_AVAILABILITY = YES_AGGRESSIVE;
				CLANG_WARN_UNREACHABLE_CODE = YES;
				CLANG_WARN__DUPLICATE_METHOD_MATCH = YES;
				COPY_PHASE_STRIP = NO;
				DEBUG_INFORMATION_FORMAT = dwarf;
				ENABLE_STRICT_OBJC_MSGSEND = YES;
				ENABLE_TESTABILITY = YES;
				ENABLE_USER_SCRIPT_SANDBOXING = YES;
				GCC_C_LANGUAGE_STANDARD = gnu17;
				GCC_DYNAMIC_NO_PIC = NO;
				GCC_NO_COMMON_BLOCKS = YES;
				GCC_OPTIMIZATION_LEVEL = 0;
				GCC_PREPROCESSOR_DEFINITIONS = (
					"DEBUG=1",
					"$(inherited)",
				);
				GCC_WARN_64_TO_32_BIT_CONVERSION = YES;
				GCC_WARN_ABOUT_RETURN_TYPE = YES_ERROR;
				GCC_WARN_UNDECLARED_SELECTOR = YES;
				GCC_WARN_UNINITIALIZED_AUTOS = YES_AGGRESSIVE;
				GCC_WARN_UNUSED_FUNCTION = YES;
				GCC_WARN_UNUSED_VARIABLE = YES;
				IPHONEOS_DEPLOYMENT_TARGET = 17.0;
				LOCALIZATION_PREFERS_STRING_CATALOGS = YES;
				MTL_ENABLE_DEBUG_INFO = INCLUDE_SOURCE;
				MTL_FAST_MATH = YES;
				ONLY_ACTIVE_ARCH = YES;
				SDKROOT = iphoneos;
				SWIFT_ACTIVE_COMPILATION_CONDITIONS = "DEBUG $(inherited)";
				SWIFT_OPTIMIZATION_LEVEL = "-Onone";
			};
			name = Debug;
		};
		CA37A8732AE2909A008D0A4A /* Release */ = {
			isa = XCBuildConfiguration;
			buildSettings = {
				ALWAYS_SEARCH_USER_PATHS = NO;
				ASSETCATALOG_COMPILER_GENERATE_SWIFT_ASSET_SYMBOL_EXTENSIONS = YES;
				CLANG_ANALYZER_NONNULL = YES;
				CLANG_ANALYZER_NUMBER_OBJECT_CONVERSION = YES_AGGRESSIVE;
				CLANG_CXX_LANGUAGE_STANDARD = "gnu++20";
				CLANG_ENABLE_MODULES = YES;
				CLANG_ENABLE_OBJC_ARC = YES;
				CLANG_ENABLE_OBJC_WEAK = YES;
				CLANG_WARN_BLOCK_CAPTURE_AUTORELEASING = YES;
				CLANG_WARN_BOOL_CONVERSION = YES;
				CLANG_WARN_COMMA = YES;
				CLANG_WARN_CONSTANT_CONVERSION = YES;
				CLANG_WARN_DEPRECATED_OBJC_IMPLEMENTATIONS = YES;
				CLANG_WARN_DIRECT_OBJC_ISA_USAGE = YES_ERROR;
				CLANG_WARN_DOCUMENTATION_COMMENTS = YES;
				CLANG_WARN_EMPTY_BODY = YES;
				CLANG_WARN_ENUM_CONVERSION = YES;
				CLANG_WARN_INFINITE_RECURSION = YES;
				CLANG_WARN_INT_CONVERSION = YES;
				CLANG_WARN_NON_LITERAL_NULL_CONVERSION = YES;
				CLANG_WARN_OBJC_IMPLICIT_RETAIN_SELF = YES;
				CLANG_WARN_OBJC_LITERAL_CONVERSION = YES;
				CLANG_WARN_OBJC_ROOT_CLASS = YES_ERROR;
				CLANG_WARN_QUOTED_INCLUDE_IN_FRAMEWORK_HEADER = YES;
				CLANG_WARN_RANGE_LOOP_ANALYSIS = YES;
				CLANG_WARN_STRICT_PROTOTYPES = YES;
				CLANG_WARN_SUSPICIOUS_MOVE = YES;
				CLANG_WARN_UNGUARDED_AVAILABILITY = YES_AGGRESSIVE;
				CLANG_WARN_UNREACHABLE_CODE = YES;
				CLANG_WARN__DUPLICATE_METHOD_MATCH = YES;
				COPY_PHASE_STRIP = NO;
				DEBUG_INFORMATION_FORMAT = "dwarf-with-dsym";
				ENABLE_NS_ASSERTIONS = NO;
				ENABLE_STRICT_OBJC_MSGSEND = YES;
				ENABLE_USER_SCRIPT_SANDBOXING = YES;
				GCC_C_LANGUAGE_STANDARD = gnu17;
				GCC_NO_COMMON_BLOCKS = YES;
				GCC_WARN_64_TO_32_BIT_CONVERSION = YES;
				GCC_WARN_ABOUT_RETURN_TYPE = YES_ERROR;
				GCC_WARN_UNDECLARED_SELECTOR = YES;
				GCC_WARN_UNINITIALIZED_AUTOS = YES_AGGRESSIVE;
				GCC_WARN_UNUSED_FUNCTION = YES;
				GCC_WARN_UNUSED_VARIABLE = YES;
				IPHONEOS_DEPLOYMENT_TARGET = 17.0;
				LOCALIZATION_PREFERS_STRING_CATALOGS = YES;
				MTL_ENABLE_DEBUG_INFO = NO;
				MTL_FAST_MATH = YES;
				SDKROOT = iphoneos;
				SWIFT_COMPILATION_MODE = wholemodule;
				VALIDATE_PRODUCT = YES;
			};
			name = Release;
		};
		CA37A8752AE2909A008D0A4A /* Debug */ = {
			isa = XCBuildConfiguration;
			baseConfigurationReference = C3788AA75042DB866C7E1FA3 /* Pods-defaults-Metis.debug.xcconfig */;
			buildSettings = {
				ASSETCATALOG_COMPILER_APPICON_NAME = AppIcon;
				ASSETCATALOG_COMPILER_GLOBAL_ACCENT_COLOR_NAME = AccentColor;
				CODE_SIGN_STYLE = Automatic;
				CURRENT_PROJECT_VERSION = 1;
				DEVELOPMENT_TEAM = THNASY6U4C;
				GENERATE_INFOPLIST_FILE = YES;
				INFOPLIST_FILE = Metis/Info.plist;
				INFOPLIST_KEY_UIApplicationSupportsIndirectInputEvents = YES;
				INFOPLIST_KEY_UILaunchStoryboardName = LaunchScreen;
				INFOPLIST_KEY_UIMainStoryboardFile = Main;
				INFOPLIST_KEY_UISupportedInterfaceOrientations_iPad = "UIInterfaceOrientationPortrait UIInterfaceOrientationPortraitUpsideDown UIInterfaceOrientationLandscapeLeft UIInterfaceOrientationLandscapeRight";
				INFOPLIST_KEY_UISupportedInterfaceOrientations_iPhone = "UIInterfaceOrientationPortrait UIInterfaceOrientationLandscapeLeft UIInterfaceOrientationLandscapeRight";
				LD_RUNPATH_SEARCH_PATHS = (
					"$(inherited)",
					"@executable_path/Frameworks",
				);
				MARKETING_VERSION = 1.0;
				PRODUCT_BUNDLE_IDENTIFIER = "metis-investment.com.Metis";
				PRODUCT_NAME = "$(TARGET_NAME)";
				SWIFT_EMIT_LOC_STRINGS = YES;
				SWIFT_VERSION = 5.0;
				TARGETED_DEVICE_FAMILY = "1,2";
			};
			name = Debug;
		};
		CA37A8762AE2909A008D0A4A /* Release */ = {
			isa = XCBuildConfiguration;
			baseConfigurationReference = 4CF301BBE3F8D887F512323C /* Pods-defaults-Metis.release.xcconfig */;
			buildSettings = {
				ASSETCATALOG_COMPILER_APPICON_NAME = AppIcon;
				ASSETCATALOG_COMPILER_GLOBAL_ACCENT_COLOR_NAME = AccentColor;
				CODE_SIGN_STYLE = Automatic;
				CURRENT_PROJECT_VERSION = 1;
				DEVELOPMENT_TEAM = THNASY6U4C;
				GENERATE_INFOPLIST_FILE = YES;
				INFOPLIST_FILE = Metis/Info.plist;
				INFOPLIST_KEY_UIApplicationSupportsIndirectInputEvents = YES;
				INFOPLIST_KEY_UILaunchStoryboardName = LaunchScreen;
				INFOPLIST_KEY_UIMainStoryboardFile = Main;
				INFOPLIST_KEY_UISupportedInterfaceOrientations_iPad = "UIInterfaceOrientationPortrait UIInterfaceOrientationPortraitUpsideDown UIInterfaceOrientationLandscapeLeft UIInterfaceOrientationLandscapeRight";
				INFOPLIST_KEY_UISupportedInterfaceOrientations_iPhone = "UIInterfaceOrientationPortrait UIInterfaceOrientationLandscapeLeft UIInterfaceOrientationLandscapeRight";
				LD_RUNPATH_SEARCH_PATHS = (
					"$(inherited)",
					"@executable_path/Frameworks",
				);
				MARKETING_VERSION = 1.0;
				PRODUCT_BUNDLE_IDENTIFIER = "metis-investment.com.Metis";
				PRODUCT_NAME = "$(TARGET_NAME)";
				SWIFT_EMIT_LOC_STRINGS = YES;
				SWIFT_VERSION = 5.0;
				TARGETED_DEVICE_FAMILY = "1,2";
			};
			name = Release;
		};
/* End XCBuildConfiguration section */

/* Begin XCConfigurationList section */
		CA37A85B2AE29099008D0A4A /* Build configuration list for PBXProject "Metis" */ = {
			isa = XCConfigurationList;
			buildConfigurations = (
				CA37A8722AE2909A008D0A4A /* Debug */,
				CA37A8732AE2909A008D0A4A /* Release */,
			);
			defaultConfigurationIsVisible = 0;
			defaultConfigurationName = Release;
		};
		CA37A8742AE2909A008D0A4A /* Build configuration list for PBXNativeTarget "Metis" */ = {
			isa = XCConfigurationList;
			buildConfigurations = (
				CA37A8752AE2909A008D0A4A /* Debug */,
				CA37A8762AE2909A008D0A4A /* Release */,
			);
			defaultConfigurationIsVisible = 0;
			defaultConfigurationName = Release;
		};
/* End XCConfigurationList section */
	};
	rootObject = CA37A8582AE29099008D0A4A /* Project object */;
}
